
Microsoft Visual Studio Solution File, Format Version 12.00
# Visual Studio Version 16
VisualStudioVersion = 16.0.29905.134
MinimumVisualStudioVersion = 10.0.40219.1
Project("{FAE04EC0-301F-11D3-BF4B-00C04F79EFBC}") = "GPU_DLL", "..\GPU_DLL\GPU_DLL.csproj", "{01015F9C-8158-47D3-B409-043BF7796570}"
EndProject
Project("{8BC9CEB8-8B4A-11D0-8D11-00A0C91BC942}") = "GPU_DLL_CUDA", "..\GPU_DLL_CUDA\GPU_DLL_CUDA.vcxproj", "{A44DFFAF-F368-4487-A246-B7883870C099}"
EndProject
Project("{FAE04EC0-301F-11D3-BF4B-00C04F79EFBC}") = "Test_GPU_Caller", "Test_GPU_Caller\Test_GPU_Caller.csproj", "{142B7E28-4E52-413A-B8FF-457FF1CD61A1}"
EndProject
Global
	GlobalSection(SolutionConfigurationPlatforms) = preSolution
		Debug|Any CPU = Debug|Any CPU
		Debug|x64 = Debug|x64
		Release|Any CPU = Release|Any CPU
		Release|x64 = Release|x64
	EndGlobalSection
	GlobalSection(ProjectConfigurationPlatforms) = postSolution
		{01015F9C-8158-47D3-B409-043BF7796570}.Debug|Any CPU.ActiveCfg = Debug|x64
		{01015F9C-8158-47D3-B409-043BF7796570}.Debug|Any CPU.Build.0 = Debug|x64
		{01015F9C-8158-47D3-B409-043BF7796570}.Debug|x64.ActiveCfg = Debug|x64
		{01015F9C-8158-47D3-B409-043BF7796570}.Debug|x64.Build.0 = Debug|x64
		{01015F9C-8158-47D3-B409-043BF7796570}.Release|Any CPU.ActiveCfg = Release|Any CPU
		{01015F9C-8158-47D3-B409-043BF7796570}.Release|Any CPU.Build.0 = Release|Any CPU
		{01015F9C-8158-47D3-B409-043BF7796570}.Release|x64.ActiveCfg = Release|Any CPU
		{01015F9C-8158-47D3-B409-043BF7796570}.Release|x64.Build.0 = Release|Any CPU
		{A44DFFAF-F368-4487-A246-B7883870C099}.Debug|Any CPU.ActiveCfg = Debug|x64
		{A44DFFAF-F368-4487-A246-B7883870C099}.Debug|x64.ActiveCfg = Debug|x64
		{A44DFFAF-F368-4487-A246-B7883870C099}.Debug|x64.Build.0 = Debug|x64
		{A44DFFAF-F368-4487-A246-B7883870C099}.Release|Any CPU.ActiveCfg = Release|x64
		{A44DFFAF-F368-4487-A246-B7883870C099}.Release|x64.ActiveCfg = Release|x64
		{A44DFFAF-F368-4487-A246-B7883870C099}.Release|x64.Build.0 = Release|x64
		{142B7E28-4E52-413A-B8FF-457FF1CD61A1}.Debug|Any CPU.ActiveCfg = Debug|Any CPU
		{142B7E28-4E52-413A-B8FF-457FF1CD61A1}.Debug|Any CPU.Build.0 = Debug|Any CPU
		{142B7E28-4E52-413A-B8FF-457FF1CD61A1}.Debug|x64.ActiveCfg = Debug|x64
		{142B7E28-4E52-413A-B8FF-457FF1CD61A1}.Debug|x64.Build.0 = Debug|x64
		{142B7E28-4E52-413A-B8FF-457FF1CD61A1}.Release|Any CPU.ActiveCfg = Release|Any CPU
		{142B7E28-4E52-413A-B8FF-457FF1CD61A1}.Release|Any CPU.Build.0 = Release|Any CPU
		{142B7E28-4E52-413A-B8FF-457FF1CD61A1}.Release|x64.ActiveCfg = Release|x64
		{142B7E28-4E52-413A-B8FF-457FF1CD61A1}.Release|x64.Build.0 = Release|x64
	EndGlobalSection
	GlobalSection(SolutionProperties) = preSolution
		HideSolutionNode = FALSE
	EndGlobalSection
	GlobalSection(ExtensibilityGlobals) = postSolution
		SolutionGuid = {3F3211FD-1205-4A34-9105-00DC6DCD4720}
	EndGlobalSection
EndGlobal
