
Microsoft Visual Studio Solution File, Format Version 12.00
# Visual Studio Version 16
VisualStudioVersion = 16.0.29905.134
MinimumVisualStudioVersion = 10.0.40219.1
Project("{FAE04EC0-301F-11D3-BF4B-00C04F79EFBC}") = "TestHybridizer", "TestHybridizer\TestHybridizer.csproj", "{D9CAE984-2E61-4834-8C9C-15D3FEC36C7A}"
EndProject
Project("{8BC9CEB8-8B4A-11D0-8D11-00A0C91BC942}") = "TestHybridizer_CUDA", "TestHybridizer_CUDA\TestHybridizer_CUDA.vcxproj", "{506FC4D4-B29D-41E1-A82F-95B93928B2EB}"
EndProject
Global
	GlobalSection(SolutionConfigurationPlatforms) = preSolution
		Debug|Any CPU = Debug|Any CPU
		Debug|x64 = Debug|x64
		Release|Any CPU = Release|Any CPU
		Release|x64 = Release|x64
	EndGlobalSection
	GlobalSection(ProjectConfigurationPlatforms) = postSolution
		{D9CAE984-2E61-4834-8C9C-15D3FEC36C7A}.Debug|Any CPU.ActiveCfg = Debug|Any CPU
		{D9CAE984-2E61-4834-8C9C-15D3FEC36C7A}.Debug|Any CPU.Build.0 = Debug|Any CPU
		{D9CAE984-2E61-4834-8C9C-15D3FEC36C7A}.Debug|x64.ActiveCfg = Debug|x64
		{D9CAE984-2E61-4834-8C9C-15D3FEC36C7A}.Debug|x64.Build.0 = Debug|x64
		{D9CAE984-2E61-4834-8C9C-15D3FEC36C7A}.Release|Any CPU.ActiveCfg = Release|Any CPU
		{D9CAE984-2E61-4834-8C9C-15D3FEC36C7A}.Release|Any CPU.Build.0 = Release|Any CPU
		{D9CAE984-2E61-4834-8C9C-15D3FEC36C7A}.Release|x64.ActiveCfg = Release|x64
		{D9CAE984-2E61-4834-8C9C-15D3FEC36C7A}.Release|x64.Build.0 = Release|x64
		{506FC4D4-B29D-41E1-A82F-95B93928B2EB}.Debug|Any CPU.ActiveCfg = Debug|x64
		{506FC4D4-B29D-41E1-A82F-95B93928B2EB}.Debug|x64.ActiveCfg = Debug|x64
		{506FC4D4-B29D-41E1-A82F-95B93928B2EB}.Debug|x64.Build.0 = Debug|x64
		{506FC4D4-B29D-41E1-A82F-95B93928B2EB}.Release|Any CPU.ActiveCfg = Release|x64
		{506FC4D4-B29D-41E1-A82F-95B93928B2EB}.Release|x64.ActiveCfg = Release|x64
		{506FC4D4-B29D-41E1-A82F-95B93928B2EB}.Release|x64.Build.0 = Release|x64
	EndGlobalSection
	GlobalSection(SolutionProperties) = preSolution
		HideSolutionNode = FALSE
	EndGlobalSection
	GlobalSection(ExtensibilityGlobals) = postSolution
		SolutionGuid = {0A5E41ED-886A-484C-B856-5278B48577D9}
	EndGlobalSection
EndGlobal
