
Microsoft Visual Studio Solution File, Format Version 12.00
# Visual Studio Version 16
VisualStudioVersion = 16.0.30621.155
MinimumVisualStudioVersion = 10.0.40219.1
Project("{FAE04EC0-301F-11D3-BF4B-00C04F79EFBC}") = "TestBugDoubleClickHeatmaps", "TestBugDoubleClickHeatmaps.csproj", "{AD371CA2-8202-4137-B5E9-891FB6DF6223}"
EndProject
Global
	GlobalSection(SolutionConfigurationPlatforms) = preSolution
		Debug|Any CPU = Debug|Any CPU
		Release|Any CPU = Release|Any CPU
	EndGlobalSection
	GlobalSection(ProjectConfigurationPlatforms) = postSolution
		{AD371CA2-8202-4137-B5E9-891FB6DF6223}.Debug|Any CPU.ActiveCfg = Debug|Any CPU
		{AD371CA2-8202-4137-B5E9-891FB6DF6223}.Debug|Any CPU.Build.0 = Debug|Any CPU
		{AD371CA2-8202-4137-B5E9-891FB6DF6223}.Release|Any CPU.ActiveCfg = Release|Any CPU
		{AD371CA2-8202-4137-B5E9-891FB6DF6223}.Release|Any CPU.Build.0 = Release|Any CPU
	EndGlobalSection
	GlobalSection(SolutionProperties) = preSolution
		HideSolutionNode = FALSE
	EndGlobalSection
	GlobalSection(ExtensibilityGlobals) = postSolution
		SolutionGuid = {124483FF-25DA-4098-8807-2859238C3AD6}
	EndGlobalSection
EndGlobal
