
Microsoft Visual Studio Solution File, Format Version 12.00
# Visual Studio Version 16
VisualStudioVersion = 16.0.29503.13
MinimumVisualStudioVersion = 10.0.40219.1
Project("{FAE04EC0-301F-11D3-BF4B-00C04F79EFBC}") = "HybridizerSample2", "HybridizerSample2\HybridizerSample2\HybridizerSample2.csproj", "{91A88303-E179-4304-9C82-B1166590D810}"
EndProject
Project("{8BC9CEB8-8B4A-11D0-8D11-00A0C91BC942}") = "HybridizerSample2_CUDA", "HybridizerSample2\HybridizerSample2_CUDA\HybridizerSample2_CUDA.vcxproj", "{82E0E3A5-6FC8-4685-B52B-962DA56A7DF3}"
EndProject
Global
	GlobalSection(SolutionConfigurationPlatforms) = preSolution
		Debug|x64 = Debug|x64
		Release|x64 = Release|x64
	EndGlobalSection
	GlobalSection(ProjectConfigurationPlatforms) = postSolution
		{91A88303-E179-4304-9C82-B1166590D810}.Debug|x64.ActiveCfg = Debug|x64
		{91A88303-E179-4304-9C82-B1166590D810}.Debug|x64.Build.0 = Debug|x64
		{91A88303-E179-4304-9C82-B1166590D810}.Release|x64.ActiveCfg = Release|x64
		{91A88303-E179-4304-9C82-B1166590D810}.Release|x64.Build.0 = Release|x64
		{82E0E3A5-6FC8-4685-B52B-962DA56A7DF3}.Debug|x64.ActiveCfg = Debug|x64
		{82E0E3A5-6FC8-4685-B52B-962DA56A7DF3}.Debug|x64.Build.0 = Debug|x64
		{82E0E3A5-6FC8-4685-B52B-962DA56A7DF3}.Release|x64.ActiveCfg = Release|x64
		{82E0E3A5-6FC8-4685-B52B-962DA56A7DF3}.Release|x64.Build.0 = Release|x64
	EndGlobalSection
	GlobalSection(SolutionProperties) = preSolution
		HideSolutionNode = FALSE
	EndGlobalSection
	GlobalSection(ExtensibilityGlobals) = postSolution
		SolutionGuid = {0E354E4E-551A-41F8-A56D-B70A194FD0F1}
	EndGlobalSection
EndGlobal
