
Microsoft Visual Studio Solution File, Format Version 12.00
# Visual Studio Version 16
VisualStudioVersion = 16.0.29326.143
MinimumVisualStudioVersion = 10.0.40219.1
Project("{FAE04EC0-301F-11D3-BF4B-00C04F79EFBC}") = "Robot", "Robot.csproj", "{F48FF3AC-50C6-4016-8F67-F5430FED1A2C}"
EndProject
Project("{FAE04EC0-301F-11D3-BF4B-00C04F79EFBC}") = "CameraAdapter", "..\CameraAdapter\CameraAdapter.csproj", "{856F8DFD-84D3-4FF6-889F-22517ADDADCF}"
EndProject
Project("{FAE04EC0-301F-11D3-BF4B-00C04F79EFBC}") = "EventArgsLibrary", "..\EventArgsLibrary\EventArgsLibrary.csproj", "{9C46A7C0-4675-41BE-B282-E6F0825AD73E}"
EndProject
Project("{FAE04EC0-301F-11D3-BF4B-00C04F79EFBC}") = "WpfCameraMonitor", "..\WpfRobotMonitor\WpfCameraMonitor.csproj", "{BA7276F6-9386-42CB-894A-04095E5F75B9}"
EndProject
Project("{FAE04EC0-301F-11D3-BF4B-00C04F79EFBC}") = "ExtendedSerialPort", "..\ExtendedSerialPort\ExtendedSerialPort\ExtendedSerialPort.csproj", "{21AC599E-E3D5-4181-AA0F-7C2E00CCA016}"
EndProject
Project("{FAE04EC0-301F-11D3-BF4B-00C04F79EFBC}") = "RefereeBoxAdapter", "..\RefereeBoxAdapter\RefereeBoxAdapter.csproj", "{A8C04138-90DC-42F9-AB39-E71125B805B9}"
EndProject
Project("{FAE04EC0-301F-11D3-BF4B-00C04F79EFBC}") = "RobotPilot", "..\RobotPilot\RobotPilot.csproj", "{4012F5AF-50E3-40BD-ABF0-4AFE3F30D5E3}"
EndProject
Project("{FAE04EC0-301F-11D3-BF4B-00C04F79EFBC}") = "RobotMessageGenerator", "..\RobotMessageGenerator\RobotMessageGenerator.csproj", "{7F098EE2-A8CD-48CF-B9F4-256EA3DF2BC6}"
EndProject
Project("{FAE04EC0-301F-11D3-BF4B-00C04F79EFBC}") = "Utilities", "..\Utilities\Utilities.csproj", "{8E7D0DA4-9A13-4B18-A90E-0243BBCCE40A}"
EndProject
Project("{FAE04EC0-301F-11D3-BF4B-00C04F79EFBC}") = "AdvancedTimers", "..\HighFreqTimer\AdvancedTimers.csproj", "{ECC907ED-F9B2-457F-901E-720987934E47}"
EndProject
Project("{FAE04EC0-301F-11D3-BF4B-00C04F79EFBC}") = "Constants", "..\Constants\Constants.csproj", "{0540B497-B2CE-40A1-84B5-3109CE2F3146}"
EndProject
Project("{FAE04EC0-301F-11D3-BF4B-00C04F79EFBC}") = "MessageDecoder", "..\MessageDecoder\MessageDecoder.csproj", "{4603885F-CC5E-43E5-A4AF-063030CB0A32}"
EndProject
Project("{FAE04EC0-301F-11D3-BF4B-00C04F79EFBC}") = "MessageEncoder", "..\MessageEncoder\MessageEncoder.csproj", "{EFAFBA95-1787-41A9-8F12-14ECD9FE127A}"
EndProject
Project("{FAE04EC0-301F-11D3-BF4B-00C04F79EFBC}") = "SimulatedCamera", "..\SimulatedCamera\SimulatedCamera.csproj", "{57F578BF-38FA-4A86-844A-EECAFACC2412}"
EndProject
Project("{FAE04EC0-301F-11D3-BF4B-00C04F79EFBC}") = "WpfRobotInterface", "..\RobotInterfaceWPF_Supervision_Systeme_Embarqué\RobotInterface\WpfRobotInterface.csproj", "{1CDC0611-A2E5-42E8-A28B-BA4269343C68}"
EndProject
Project("{FAE04EC0-301F-11D3-BF4B-00C04F79EFBC}") = "ImageProcessingOmniCamera", "..\ImageProcessingOmniCamera\ImageProcessingOmniCamera.csproj", "{9EAC5BB2-FA20-45A4-B8E9-97C145F38F25}"
EndProject
Project("{FAE04EC0-301F-11D3-BF4B-00C04F79EFBC}") = "WayPointGenerator", "..\WayPointGenerator\WayPointGenerator.csproj", "{66799E02-D6D6-40A0-9D98-B6CD718E76C7}"
EndProject
Project("{FAE04EC0-301F-11D3-BF4B-00C04F79EFBC}") = "StrategyManager", "..\StrategyManager\StrategyManager.csproj", "{F2D3FB95-F97A-4049-BCA4-71854FD4FAF3}"
EndProject
Project("{FAE04EC0-301F-11D3-BF4B-00C04F79EFBC}") = "TeamSimulator", "..\TeamSimulator\TeamSimulator.csproj", "{0F9CA9C0-D254-49F9-B0C3-CD50185A5BF6}"
EndProject
Project("{FAE04EC0-301F-11D3-BF4B-00C04F79EFBC}") = "WpfTeamInterface", "..\WpfTeamInterface\WpfTeamInterface.csproj", "{F8837AF6-36A5-4D14-B1FE-E09CAFFA6DAC}"
EndProject
Project("{FAE04EC0-301F-11D3-BF4B-00C04F79EFBC}") = "WorldMap", "..\WorldMap\WorldMap.csproj", "{B2D0126F-8C82-4EAA-87E5-67415F589098}"
EndProject
Project("{FAE04EC0-301F-11D3-BF4B-00C04F79EFBC}") = "WorldMapManager", "..\WorldMapManager\WorldMapManager.csproj", "{01E89552-13A5-4A24-80B2-9246700F72FD}"
EndProject
Project("{FAE04EC0-301F-11D3-BF4B-00C04F79EFBC}") = "LidarSimulator", "..\LidarSimulator\LidarSimulator.csproj", "{45A044B5-1D4F-4B6E-964B-3B2FA5E39AB2}"
EndProject
Project("{FAE04EC0-301F-11D3-BF4B-00C04F79EFBC}") = "LidarOMD60M", "..\LidarOMD60M\LidarOMD60M.csproj", "{446E56F7-4DFC-4B69-85DE-77B7B48DBE44}"
EndProject
Project("{FAE04EC0-301F-11D3-BF4B-00C04F79EFBC}") = "TCPClient", "..\TCPClient\TCPClient.csproj", "{54D19BA4-AC57-4A0E-BF19-42A567F28108}"
EndProject
Project("{FAE04EC0-301F-11D3-BF4B-00C04F79EFBC}") = "XboxController", "..\XboxController\XboxController.csproj", "{DD54A1C0-2926-45BF-82DE-36221845F1D7}"
EndProject
Project("{FAE04EC0-301F-11D3-BF4B-00C04F79EFBC}") = "HeatMap", "..\HeatMap\HeatMap.csproj", "{BDF7D4A0-1E8B-4487-862E-2DA58A7BC267}"
EndProject
Project("{FAE04EC0-301F-11D3-BF4B-00C04F79EFBC}") = "Perception", "..\Perception\Perception.csproj", "{DD8FD061-D3B2-43AE-B74D-03D94A2876A3}"
EndProject
Project("{FAE04EC0-301F-11D3-BF4B-00C04F79EFBC}") = "PerceptionManagement", "..\PerceptionManagement\PerceptionManagement.csproj", "{CA5585EB-5C96-4DF3-823C-878C0AD7D739}"
EndProject
Project("{FAE04EC0-301F-11D3-BF4B-00C04F79EFBC}") = "TrajectoryGenerator", "..\TrajectoryGenerator\TrajectoryGenerator.csproj", "{BB381252-44CF-4962-984B-ABD697DCC9FB}"
EndProject
Project("{FAE04EC0-301F-11D3-BF4B-00C04F79EFBC}") = "PhysicalSimulator", "..\PhysicalSimulator\PhysicalSimulator.csproj", "{4CF48B4E-AB93-479E-B79C-F9101F24B7BA}"
EndProject
Project("{FAE04EC0-301F-11D3-BF4B-00C04F79EFBC}") = "WpfOscilloscopeControl", "..\WpfOscilloscope\WpfOscilloscopeControl.csproj", "{88BAA407-3FEA-4F4B-BB41-5309CE48884E}"
EndProject
Project("{FAE04EC0-301F-11D3-BF4B-00C04F79EFBC}") = "RobotMessageProcessor", "..\RobotMessageProcessor\RobotMessageProcessor.csproj", "{12C1DB8F-4309-43E2-B576-FEB50B59EC25}"
EndProject
Project("{FAE04EC0-301F-11D3-BF4B-00C04F79EFBC}") = "UDPMulticast", "..\UDPMulticast\UDPMulticast.csproj", "{6DA72C33-AC0E-4174-AA47-5A12453F5900}"
EndProject
Project("{FAE04EC0-301F-11D3-BF4B-00C04F79EFBC}") = "TCPAdapter", "..\TCPAdapter\TCPAdapter.csproj", "{DEDA47B4-8F22-4A8B-8F18-96981C6B408D}"
EndProject
Project("{FAE04EC0-301F-11D3-BF4B-00C04F79EFBC}") = "LogRecorder", "..\LogRecorder\LogRecorder.csproj", "{128114E9-1A4D-4EBF-BA5C-5C4E136D3F53}"
EndProject
Project("{FAE04EC0-301F-11D3-BF4B-00C04F79EFBC}") = "LogReplay", "..\LogReplay\LogReplay.csproj", "{4A227E8F-4045-4418-98A0-228C0ACC30FF}"
EndProject
Project("{FAE04EC0-301F-11D3-BF4B-00C04F79EFBC}") = "LidarProcessor", "..\LidarProcessor\LidarProcessor.csproj", "{3C4270CF-77BA-4100-BBAB-6E2802C49478}"
EndProject
Project("{FAE04EC0-301F-11D3-BF4B-00C04F79EFBC}") = "Alturos.Yolo", "..\Alturos.Yolo\Alturos.Yolo.csproj", "{BFDB287F-7E23-4D44-B114-DF2E05C2CF04}"
EndProject
Project("{FAE04EC0-301F-11D3-BF4B-00C04F79EFBC}") = "Alturos.Yolo.TestUI", "..\Alturos.Yolo.TestUI\Alturos.Yolo.TestUI.csproj", "{2923401A-6C84-455A-A6CC-A13A70E13D63}"
EndProject
Project("{FAE04EC0-301F-11D3-BF4B-00C04F79EFBC}") = "WpfWorldMapDisplay", "..\WpfWorldMapDisplay\WpfWorldMapDisplay.csproj", "{89604641-927E-47FF-8DB6-91CF5C4976C1}"
EndProject
Project("{FAE04EC0-301F-11D3-BF4B-00C04F79EFBC}") = "ImageSaver", "..\ImageSaver\ImageSaver.csproj", "{257176D4-22D8-4EA5-BA41-AB36D4AD2BA9}"
EndProject
Project("{FAE04EC0-301F-11D3-BF4B-00C04F79EFBC}") = "WpfReplayNavigator", "..\WpfReplayNavigator\WpfReplayNavigator.csproj", "{32A52236-C210-40A2-829E-ACB4BB3A1B43}"
EndProject
Project("{FAE04EC0-301F-11D3-BF4B-00C04F79EFBC}") = "YoloObjectDetector", "..\YoloObjectDetector\YoloObjectDetector.csproj", "{5E7C4784-9AF5-4D8C-B89C-D1EF3C8C5445}"
EndProject
Project("{FAE04EC0-301F-11D3-BF4B-00C04F79EFBC}") = "BaseStation", "..\BaseStation\BaseStation.csproj", "{EAB15DFD-CE98-4604-A90E-9F7A047A74F4}"
EndProject
Project("{FAE04EC0-301F-11D3-BF4B-00C04F79EFBC}") = "UdpMulticastInterpreter", "..\UdpMulticastInterpreter\UdpMulticastInterpreter.csproj", "{2E2E2FF7-D7A1-4AF7-956E-0951B18B7FF5}"
EndProject
Project("{FAE04EC0-301F-11D3-BF4B-00C04F79EFBC}") = "UDPAdapter", "..\UDPAdapter\UDPAdapter.csproj", "{75E25C11-47B1-410E-A6CC-E37A74F7D0F9}"
EndProject
Project("{FAE04EC0-301F-11D3-BF4B-00C04F79EFBC}") = "ImuProcessor", "..\ImuProcessor\ImuProcessor.csproj", "{C6636D02-C51F-4EDB-8089-94D4C0E51A32}"
EndProject
Project("{FAE04EC0-301F-11D3-BF4B-00C04F79EFBC}") = "KalmanPositioning", "..\KalmanPositioning\KalmanPositioning.csproj", "{825389C5-BF86-419E-8914-FC5A325D4A0B}"
EndProject
Project("{FAE04EC0-301F-11D3-BF4B-00C04F79EFBC}") = "SensorSimulator", "..\SensorSimulator\SensorSimulator.csproj", "{BACF7A03-7D22-4C97-83FA-B37561B9EC73}"
EndProject
Project("{FAE04EC0-301F-11D3-BF4B-00C04F79EFBC}") = "GPU_DLL", "..\GPU_DLL\GPU_DLL.csproj", "{1A98893A-B050-462D-A752-3FB222848F92}"
EndProject
Project("{8BC9CEB8-8B4A-11D0-8D11-00A0C91BC942}") = "GPU_DLL_CUDA", "..\GPU_DLL_CUDA\GPU_DLL_CUDA.vcxproj", "{35F710B7-9493-40BD-A4D8-55C751A68BF8}"
EndProject
Project("{FAE04EC0-301F-11D3-BF4B-00C04F79EFBC}") = "AbsolutePositionEstimator", "..\AbsolutePositionEstimator\AbsolutePositionEstimator.csproj", "{C8760A70-0073-45F9-AFB7-806881456673}"
EndProject
Project("{FAE04EC0-301F-11D3-BF4B-00C04F79EFBC}") = "Robot_Eurobot_2020", "..\Robot_Eurobot_2020\Robot_Eurobot_2020.csproj", "{7AAC58B3-251F-4A84-B891-30EBF7F76701}"
EndProject
Project("{FAE04EC0-301F-11D3-BF4B-00C04F79EFBC}") = "MessageGenerator", "..\MessageGenerator\MessageGenerator.csproj", "{A31F4A19-F674-4776-B597-E92BA3E5061E}"
EndProject
Project("{FAE04EC0-301F-11D3-BF4B-00C04F79EFBC}") = "MessageProcessor", "..\MessageProcessor\MessageProcessor.csproj", "{AD4884AD-631B-42E4-B6BB-F86B16BD6A68}"
EndProject
Project("{FAE04EC0-301F-11D3-BF4B-00C04F79EFBC}") = "LidaRxR2000", "..\LidaRxR2000\LidaRxR2000.csproj", "{4879C226-9CFC-4D45-87A1-E2F128E33882}"
EndProject
Project("{FAE04EC0-301F-11D3-BF4B-00C04F79EFBC}") = "USBVendor", "..\USBVendor\USBVendor.csproj", "{12565644-3BF5-4BCB-84E5-6BDA7D16293C}"
EndProject
Project("{FAE04EC0-301F-11D3-BF4B-00C04F79EFBC}") = "LidaRx", "..\LidaRx\LidaRx.csproj", "{D8E0BFBA-4ED8-41C2-8068-F490A5319F43}"
EndProject
Project("{FAE04EC0-301F-11D3-BF4B-00C04F79EFBC}") = "LidaRxDriver", "..\LidaRxDriver\LidaRxDriver.csproj", "{17007EEC-FE2B-4FF7-BDBE-0A300CBD2B7F}"
EndProject
Project("{FAE04EC0-301F-11D3-BF4B-00C04F79EFBC}") = "HerkulexManager", "..\HerkulexManager\HerkulexManager.csproj", "{835B8B5A-C248-4443-99CA-FF11AC77481A}"
EndProject
Global
	GlobalSection(SolutionConfigurationPlatforms) = preSolution
		Debug|Any CPU = Debug|Any CPU
		Debug|x64 = Debug|x64
		Debug|x86 = Debug|x86
		Release|Any CPU = Release|Any CPU
		Release|x64 = Release|x64
		Release|x86 = Release|x86
	EndGlobalSection
	GlobalSection(ProjectConfigurationPlatforms) = postSolution
		{F48FF3AC-50C6-4016-8F67-F5430FED1A2C}.Debug|Any CPU.ActiveCfg = Debug|Any CPU
		{F48FF3AC-50C6-4016-8F67-F5430FED1A2C}.Debug|Any CPU.Build.0 = Debug|Any CPU
		{F48FF3AC-50C6-4016-8F67-F5430FED1A2C}.Debug|x64.ActiveCfg = Debug|x64
		{F48FF3AC-50C6-4016-8F67-F5430FED1A2C}.Debug|x64.Build.0 = Debug|x64
		{F48FF3AC-50C6-4016-8F67-F5430FED1A2C}.Debug|x86.ActiveCfg = Debug|Any CPU
		{F48FF3AC-50C6-4016-8F67-F5430FED1A2C}.Debug|x86.Build.0 = Debug|Any CPU
		{F48FF3AC-50C6-4016-8F67-F5430FED1A2C}.Release|Any CPU.ActiveCfg = Release|Any CPU
		{F48FF3AC-50C6-4016-8F67-F5430FED1A2C}.Release|Any CPU.Build.0 = Release|Any CPU
		{F48FF3AC-50C6-4016-8F67-F5430FED1A2C}.Release|x64.ActiveCfg = Release|x64
		{F48FF3AC-50C6-4016-8F67-F5430FED1A2C}.Release|x64.Build.0 = Release|x64
		{F48FF3AC-50C6-4016-8F67-F5430FED1A2C}.Release|x86.ActiveCfg = Release|Any CPU
		{F48FF3AC-50C6-4016-8F67-F5430FED1A2C}.Release|x86.Build.0 = Release|Any CPU
		{856F8DFD-84D3-4FF6-889F-22517ADDADCF}.Debug|Any CPU.ActiveCfg = Debug|Any CPU
		{856F8DFD-84D3-4FF6-889F-22517ADDADCF}.Debug|Any CPU.Build.0 = Debug|Any CPU
		{856F8DFD-84D3-4FF6-889F-22517ADDADCF}.Debug|x64.ActiveCfg = Debug|x64
		{856F8DFD-84D3-4FF6-889F-22517ADDADCF}.Debug|x64.Build.0 = Debug|x64
		{856F8DFD-84D3-4FF6-889F-22517ADDADCF}.Debug|x86.ActiveCfg = Debug|Any CPU
		{856F8DFD-84D3-4FF6-889F-22517ADDADCF}.Debug|x86.Build.0 = Debug|Any CPU
		{856F8DFD-84D3-4FF6-889F-22517ADDADCF}.Release|Any CPU.ActiveCfg = Release|Any CPU
		{856F8DFD-84D3-4FF6-889F-22517ADDADCF}.Release|Any CPU.Build.0 = Release|Any CPU
		{856F8DFD-84D3-4FF6-889F-22517ADDADCF}.Release|x64.ActiveCfg = Release|x64
		{856F8DFD-84D3-4FF6-889F-22517ADDADCF}.Release|x64.Build.0 = Release|x64
		{856F8DFD-84D3-4FF6-889F-22517ADDADCF}.Release|x86.ActiveCfg = Release|Any CPU
		{856F8DFD-84D3-4FF6-889F-22517ADDADCF}.Release|x86.Build.0 = Release|Any CPU
		{9C46A7C0-4675-41BE-B282-E6F0825AD73E}.Debug|Any CPU.ActiveCfg = Debug|Any CPU
		{9C46A7C0-4675-41BE-B282-E6F0825AD73E}.Debug|Any CPU.Build.0 = Debug|Any CPU
		{9C46A7C0-4675-41BE-B282-E6F0825AD73E}.Debug|x64.ActiveCfg = Debug|x64
		{9C46A7C0-4675-41BE-B282-E6F0825AD73E}.Debug|x64.Build.0 = Debug|x64
		{9C46A7C0-4675-41BE-B282-E6F0825AD73E}.Debug|x86.ActiveCfg = Debug|Any CPU
		{9C46A7C0-4675-41BE-B282-E6F0825AD73E}.Debug|x86.Build.0 = Debug|Any CPU
		{9C46A7C0-4675-41BE-B282-E6F0825AD73E}.Release|Any CPU.ActiveCfg = Release|Any CPU
		{9C46A7C0-4675-41BE-B282-E6F0825AD73E}.Release|Any CPU.Build.0 = Release|Any CPU
		{9C46A7C0-4675-41BE-B282-E6F0825AD73E}.Release|x64.ActiveCfg = Release|x64
		{9C46A7C0-4675-41BE-B282-E6F0825AD73E}.Release|x64.Build.0 = Release|x64
		{9C46A7C0-4675-41BE-B282-E6F0825AD73E}.Release|x86.ActiveCfg = Release|Any CPU
		{9C46A7C0-4675-41BE-B282-E6F0825AD73E}.Release|x86.Build.0 = Release|Any CPU
		{BA7276F6-9386-42CB-894A-04095E5F75B9}.Debug|Any CPU.ActiveCfg = Debug|Any CPU
		{BA7276F6-9386-42CB-894A-04095E5F75B9}.Debug|Any CPU.Build.0 = Debug|Any CPU
		{BA7276F6-9386-42CB-894A-04095E5F75B9}.Debug|x64.ActiveCfg = Debug|x64
		{BA7276F6-9386-42CB-894A-04095E5F75B9}.Debug|x64.Build.0 = Debug|x64
		{BA7276F6-9386-42CB-894A-04095E5F75B9}.Debug|x86.ActiveCfg = Debug|Any CPU
		{BA7276F6-9386-42CB-894A-04095E5F75B9}.Debug|x86.Build.0 = Debug|Any CPU
		{BA7276F6-9386-42CB-894A-04095E5F75B9}.Release|Any CPU.ActiveCfg = Release|Any CPU
		{BA7276F6-9386-42CB-894A-04095E5F75B9}.Release|Any CPU.Build.0 = Release|Any CPU
		{BA7276F6-9386-42CB-894A-04095E5F75B9}.Release|x64.ActiveCfg = Release|x64
		{BA7276F6-9386-42CB-894A-04095E5F75B9}.Release|x64.Build.0 = Release|x64
		{BA7276F6-9386-42CB-894A-04095E5F75B9}.Release|x86.ActiveCfg = Release|Any CPU
		{BA7276F6-9386-42CB-894A-04095E5F75B9}.Release|x86.Build.0 = Release|Any CPU
		{21AC599E-E3D5-4181-AA0F-7C2E00CCA016}.Debug|Any CPU.ActiveCfg = Debug|Any CPU
		{21AC599E-E3D5-4181-AA0F-7C2E00CCA016}.Debug|Any CPU.Build.0 = Debug|Any CPU
		{21AC599E-E3D5-4181-AA0F-7C2E00CCA016}.Debug|x64.ActiveCfg = Debug|x64
		{21AC599E-E3D5-4181-AA0F-7C2E00CCA016}.Debug|x64.Build.0 = Debug|x64
		{21AC599E-E3D5-4181-AA0F-7C2E00CCA016}.Debug|x86.ActiveCfg = Debug|Any CPU
		{21AC599E-E3D5-4181-AA0F-7C2E00CCA016}.Debug|x86.Build.0 = Debug|Any CPU
		{21AC599E-E3D5-4181-AA0F-7C2E00CCA016}.Release|Any CPU.ActiveCfg = Release|Any CPU
		{21AC599E-E3D5-4181-AA0F-7C2E00CCA016}.Release|Any CPU.Build.0 = Release|Any CPU
		{21AC599E-E3D5-4181-AA0F-7C2E00CCA016}.Release|x64.ActiveCfg = Release|x64
		{21AC599E-E3D5-4181-AA0F-7C2E00CCA016}.Release|x64.Build.0 = Release|x64
		{21AC599E-E3D5-4181-AA0F-7C2E00CCA016}.Release|x86.ActiveCfg = Release|Any CPU
		{21AC599E-E3D5-4181-AA0F-7C2E00CCA016}.Release|x86.Build.0 = Release|Any CPU
		{A8C04138-90DC-42F9-AB39-E71125B805B9}.Debug|Any CPU.ActiveCfg = Debug|Any CPU
		{A8C04138-90DC-42F9-AB39-E71125B805B9}.Debug|Any CPU.Build.0 = Debug|Any CPU
		{A8C04138-90DC-42F9-AB39-E71125B805B9}.Debug|x64.ActiveCfg = Debug|x64
		{A8C04138-90DC-42F9-AB39-E71125B805B9}.Debug|x64.Build.0 = Debug|x64
		{A8C04138-90DC-42F9-AB39-E71125B805B9}.Debug|x86.ActiveCfg = Debug|Any CPU
		{A8C04138-90DC-42F9-AB39-E71125B805B9}.Debug|x86.Build.0 = Debug|Any CPU
		{A8C04138-90DC-42F9-AB39-E71125B805B9}.Release|Any CPU.ActiveCfg = Release|Any CPU
		{A8C04138-90DC-42F9-AB39-E71125B805B9}.Release|Any CPU.Build.0 = Release|Any CPU
		{A8C04138-90DC-42F9-AB39-E71125B805B9}.Release|x64.ActiveCfg = Release|x64
		{A8C04138-90DC-42F9-AB39-E71125B805B9}.Release|x64.Build.0 = Release|x64
		{A8C04138-90DC-42F9-AB39-E71125B805B9}.Release|x86.ActiveCfg = Release|Any CPU
		{A8C04138-90DC-42F9-AB39-E71125B805B9}.Release|x86.Build.0 = Release|Any CPU
		{4012F5AF-50E3-40BD-ABF0-4AFE3F30D5E3}.Debug|Any CPU.ActiveCfg = Debug|Any CPU
		{4012F5AF-50E3-40BD-ABF0-4AFE3F30D5E3}.Debug|Any CPU.Build.0 = Debug|Any CPU
		{4012F5AF-50E3-40BD-ABF0-4AFE3F30D5E3}.Debug|x64.ActiveCfg = Debug|x64
		{4012F5AF-50E3-40BD-ABF0-4AFE3F30D5E3}.Debug|x64.Build.0 = Debug|x64
		{4012F5AF-50E3-40BD-ABF0-4AFE3F30D5E3}.Debug|x86.ActiveCfg = Debug|Any CPU
		{4012F5AF-50E3-40BD-ABF0-4AFE3F30D5E3}.Debug|x86.Build.0 = Debug|Any CPU
		{4012F5AF-50E3-40BD-ABF0-4AFE3F30D5E3}.Release|Any CPU.ActiveCfg = Release|Any CPU
		{4012F5AF-50E3-40BD-ABF0-4AFE3F30D5E3}.Release|Any CPU.Build.0 = Release|Any CPU
		{4012F5AF-50E3-40BD-ABF0-4AFE3F30D5E3}.Release|x64.ActiveCfg = Release|x64
		{4012F5AF-50E3-40BD-ABF0-4AFE3F30D5E3}.Release|x64.Build.0 = Release|x64
		{4012F5AF-50E3-40BD-ABF0-4AFE3F30D5E3}.Release|x86.ActiveCfg = Release|Any CPU
		{4012F5AF-50E3-40BD-ABF0-4AFE3F30D5E3}.Release|x86.Build.0 = Release|Any CPU
		{7F098EE2-A8CD-48CF-B9F4-256EA3DF2BC6}.Debug|Any CPU.ActiveCfg = Debug|Any CPU
		{7F098EE2-A8CD-48CF-B9F4-256EA3DF2BC6}.Debug|Any CPU.Build.0 = Debug|Any CPU
		{7F098EE2-A8CD-48CF-B9F4-256EA3DF2BC6}.Debug|x64.ActiveCfg = Debug|x64
		{7F098EE2-A8CD-48CF-B9F4-256EA3DF2BC6}.Debug|x64.Build.0 = Debug|x64
		{7F098EE2-A8CD-48CF-B9F4-256EA3DF2BC6}.Debug|x86.ActiveCfg = Debug|Any CPU
		{7F098EE2-A8CD-48CF-B9F4-256EA3DF2BC6}.Debug|x86.Build.0 = Debug|Any CPU
		{7F098EE2-A8CD-48CF-B9F4-256EA3DF2BC6}.Release|Any CPU.ActiveCfg = Release|Any CPU
		{7F098EE2-A8CD-48CF-B9F4-256EA3DF2BC6}.Release|Any CPU.Build.0 = Release|Any CPU
		{7F098EE2-A8CD-48CF-B9F4-256EA3DF2BC6}.Release|x64.ActiveCfg = Release|x64
		{7F098EE2-A8CD-48CF-B9F4-256EA3DF2BC6}.Release|x64.Build.0 = Release|x64
		{7F098EE2-A8CD-48CF-B9F4-256EA3DF2BC6}.Release|x86.ActiveCfg = Release|Any CPU
		{7F098EE2-A8CD-48CF-B9F4-256EA3DF2BC6}.Release|x86.Build.0 = Release|Any CPU
		{8E7D0DA4-9A13-4B18-A90E-0243BBCCE40A}.Debug|Any CPU.ActiveCfg = Debug|Any CPU
		{8E7D0DA4-9A13-4B18-A90E-0243BBCCE40A}.Debug|Any CPU.Build.0 = Debug|Any CPU
		{8E7D0DA4-9A13-4B18-A90E-0243BBCCE40A}.Debug|x64.ActiveCfg = Debug|x64
		{8E7D0DA4-9A13-4B18-A90E-0243BBCCE40A}.Debug|x64.Build.0 = Debug|x64
		{8E7D0DA4-9A13-4B18-A90E-0243BBCCE40A}.Debug|x86.ActiveCfg = Debug|Any CPU
		{8E7D0DA4-9A13-4B18-A90E-0243BBCCE40A}.Debug|x86.Build.0 = Debug|Any CPU
		{8E7D0DA4-9A13-4B18-A90E-0243BBCCE40A}.Release|Any CPU.ActiveCfg = Release|Any CPU
		{8E7D0DA4-9A13-4B18-A90E-0243BBCCE40A}.Release|Any CPU.Build.0 = Release|Any CPU
		{8E7D0DA4-9A13-4B18-A90E-0243BBCCE40A}.Release|x64.ActiveCfg = Release|x64
		{8E7D0DA4-9A13-4B18-A90E-0243BBCCE40A}.Release|x64.Build.0 = Release|x64
		{8E7D0DA4-9A13-4B18-A90E-0243BBCCE40A}.Release|x86.ActiveCfg = Release|Any CPU
		{8E7D0DA4-9A13-4B18-A90E-0243BBCCE40A}.Release|x86.Build.0 = Release|Any CPU
		{ECC907ED-F9B2-457F-901E-720987934E47}.Debug|Any CPU.ActiveCfg = Debug|Any CPU
		{ECC907ED-F9B2-457F-901E-720987934E47}.Debug|Any CPU.Build.0 = Debug|Any CPU
		{ECC907ED-F9B2-457F-901E-720987934E47}.Debug|x64.ActiveCfg = Debug|x64
		{ECC907ED-F9B2-457F-901E-720987934E47}.Debug|x64.Build.0 = Debug|x64
		{ECC907ED-F9B2-457F-901E-720987934E47}.Debug|x86.ActiveCfg = Debug|Any CPU
		{ECC907ED-F9B2-457F-901E-720987934E47}.Debug|x86.Build.0 = Debug|Any CPU
		{ECC907ED-F9B2-457F-901E-720987934E47}.Release|Any CPU.ActiveCfg = Release|Any CPU
		{ECC907ED-F9B2-457F-901E-720987934E47}.Release|Any CPU.Build.0 = Release|Any CPU
		{ECC907ED-F9B2-457F-901E-720987934E47}.Release|x64.ActiveCfg = Release|x64
		{ECC907ED-F9B2-457F-901E-720987934E47}.Release|x64.Build.0 = Release|x64
		{ECC907ED-F9B2-457F-901E-720987934E47}.Release|x86.ActiveCfg = Release|Any CPU
		{ECC907ED-F9B2-457F-901E-720987934E47}.Release|x86.Build.0 = Release|Any CPU
		{0540B497-B2CE-40A1-84B5-3109CE2F3146}.Debug|Any CPU.ActiveCfg = Debug|Any CPU
		{0540B497-B2CE-40A1-84B5-3109CE2F3146}.Debug|Any CPU.Build.0 = Debug|Any CPU
		{0540B497-B2CE-40A1-84B5-3109CE2F3146}.Debug|x64.ActiveCfg = Debug|x64
		{0540B497-B2CE-40A1-84B5-3109CE2F3146}.Debug|x64.Build.0 = Debug|x64
		{0540B497-B2CE-40A1-84B5-3109CE2F3146}.Debug|x86.ActiveCfg = Debug|Any CPU
		{0540B497-B2CE-40A1-84B5-3109CE2F3146}.Debug|x86.Build.0 = Debug|Any CPU
		{0540B497-B2CE-40A1-84B5-3109CE2F3146}.Release|Any CPU.ActiveCfg = Release|Any CPU
		{0540B497-B2CE-40A1-84B5-3109CE2F3146}.Release|Any CPU.Build.0 = Release|Any CPU
		{0540B497-B2CE-40A1-84B5-3109CE2F3146}.Release|x64.ActiveCfg = Release|x64
		{0540B497-B2CE-40A1-84B5-3109CE2F3146}.Release|x64.Build.0 = Release|x64
		{0540B497-B2CE-40A1-84B5-3109CE2F3146}.Release|x86.ActiveCfg = Release|Any CPU
		{0540B497-B2CE-40A1-84B5-3109CE2F3146}.Release|x86.Build.0 = Release|Any CPU
		{4603885F-CC5E-43E5-A4AF-063030CB0A32}.Debug|Any CPU.ActiveCfg = Debug|Any CPU
		{4603885F-CC5E-43E5-A4AF-063030CB0A32}.Debug|Any CPU.Build.0 = Debug|Any CPU
		{4603885F-CC5E-43E5-A4AF-063030CB0A32}.Debug|x64.ActiveCfg = Debug|x64
		{4603885F-CC5E-43E5-A4AF-063030CB0A32}.Debug|x64.Build.0 = Debug|x64
		{4603885F-CC5E-43E5-A4AF-063030CB0A32}.Debug|x86.ActiveCfg = Debug|Any CPU
		{4603885F-CC5E-43E5-A4AF-063030CB0A32}.Debug|x86.Build.0 = Debug|Any CPU
		{4603885F-CC5E-43E5-A4AF-063030CB0A32}.Release|Any CPU.ActiveCfg = Release|Any CPU
		{4603885F-CC5E-43E5-A4AF-063030CB0A32}.Release|Any CPU.Build.0 = Release|Any CPU
		{4603885F-CC5E-43E5-A4AF-063030CB0A32}.Release|x64.ActiveCfg = Release|x64
		{4603885F-CC5E-43E5-A4AF-063030CB0A32}.Release|x64.Build.0 = Release|x64
		{4603885F-CC5E-43E5-A4AF-063030CB0A32}.Release|x86.ActiveCfg = Release|Any CPU
		{4603885F-CC5E-43E5-A4AF-063030CB0A32}.Release|x86.Build.0 = Release|Any CPU
		{EFAFBA95-1787-41A9-8F12-14ECD9FE127A}.Debug|Any CPU.ActiveCfg = Debug|Any CPU
		{EFAFBA95-1787-41A9-8F12-14ECD9FE127A}.Debug|Any CPU.Build.0 = Debug|Any CPU
		{EFAFBA95-1787-41A9-8F12-14ECD9FE127A}.Debug|x64.ActiveCfg = Debug|x64
		{EFAFBA95-1787-41A9-8F12-14ECD9FE127A}.Debug|x64.Build.0 = Debug|x64
		{EFAFBA95-1787-41A9-8F12-14ECD9FE127A}.Debug|x86.ActiveCfg = Debug|Any CPU
		{EFAFBA95-1787-41A9-8F12-14ECD9FE127A}.Debug|x86.Build.0 = Debug|Any CPU
		{EFAFBA95-1787-41A9-8F12-14ECD9FE127A}.Release|Any CPU.ActiveCfg = Release|Any CPU
		{EFAFBA95-1787-41A9-8F12-14ECD9FE127A}.Release|Any CPU.Build.0 = Release|Any CPU
		{EFAFBA95-1787-41A9-8F12-14ECD9FE127A}.Release|x64.ActiveCfg = Release|x64
		{EFAFBA95-1787-41A9-8F12-14ECD9FE127A}.Release|x64.Build.0 = Release|x64
		{EFAFBA95-1787-41A9-8F12-14ECD9FE127A}.Release|x86.ActiveCfg = Release|Any CPU
		{EFAFBA95-1787-41A9-8F12-14ECD9FE127A}.Release|x86.Build.0 = Release|Any CPU
		{57F578BF-38FA-4A86-844A-EECAFACC2412}.Debug|Any CPU.ActiveCfg = Debug|Any CPU
		{57F578BF-38FA-4A86-844A-EECAFACC2412}.Debug|Any CPU.Build.0 = Debug|Any CPU
		{57F578BF-38FA-4A86-844A-EECAFACC2412}.Debug|x64.ActiveCfg = Debug|x64
		{57F578BF-38FA-4A86-844A-EECAFACC2412}.Debug|x64.Build.0 = Debug|x64
		{57F578BF-38FA-4A86-844A-EECAFACC2412}.Debug|x86.ActiveCfg = Debug|Any CPU
		{57F578BF-38FA-4A86-844A-EECAFACC2412}.Debug|x86.Build.0 = Debug|Any CPU
		{57F578BF-38FA-4A86-844A-EECAFACC2412}.Release|Any CPU.ActiveCfg = Release|Any CPU
		{57F578BF-38FA-4A86-844A-EECAFACC2412}.Release|Any CPU.Build.0 = Release|Any CPU
		{57F578BF-38FA-4A86-844A-EECAFACC2412}.Release|x64.ActiveCfg = Release|x64
		{57F578BF-38FA-4A86-844A-EECAFACC2412}.Release|x64.Build.0 = Release|x64
		{57F578BF-38FA-4A86-844A-EECAFACC2412}.Release|x86.ActiveCfg = Release|Any CPU
		{57F578BF-38FA-4A86-844A-EECAFACC2412}.Release|x86.Build.0 = Release|Any CPU
		{1CDC0611-A2E5-42E8-A28B-BA4269343C68}.Debug|Any CPU.ActiveCfg = Debug|Any CPU
		{1CDC0611-A2E5-42E8-A28B-BA4269343C68}.Debug|Any CPU.Build.0 = Debug|Any CPU
		{1CDC0611-A2E5-42E8-A28B-BA4269343C68}.Debug|x64.ActiveCfg = Debug|x64
		{1CDC0611-A2E5-42E8-A28B-BA4269343C68}.Debug|x64.Build.0 = Debug|x64
		{1CDC0611-A2E5-42E8-A28B-BA4269343C68}.Debug|x86.ActiveCfg = Debug|Any CPU
		{1CDC0611-A2E5-42E8-A28B-BA4269343C68}.Debug|x86.Build.0 = Debug|Any CPU
		{1CDC0611-A2E5-42E8-A28B-BA4269343C68}.Release|Any CPU.ActiveCfg = Release|Any CPU
		{1CDC0611-A2E5-42E8-A28B-BA4269343C68}.Release|Any CPU.Build.0 = Release|Any CPU
		{1CDC0611-A2E5-42E8-A28B-BA4269343C68}.Release|x64.ActiveCfg = Release|x64
		{1CDC0611-A2E5-42E8-A28B-BA4269343C68}.Release|x64.Build.0 = Release|x64
		{1CDC0611-A2E5-42E8-A28B-BA4269343C68}.Release|x86.ActiveCfg = Release|Any CPU
		{1CDC0611-A2E5-42E8-A28B-BA4269343C68}.Release|x86.Build.0 = Release|Any CPU
		{9EAC5BB2-FA20-45A4-B8E9-97C145F38F25}.Debug|Any CPU.ActiveCfg = Debug|Any CPU
		{9EAC5BB2-FA20-45A4-B8E9-97C145F38F25}.Debug|Any CPU.Build.0 = Debug|Any CPU
		{9EAC5BB2-FA20-45A4-B8E9-97C145F38F25}.Debug|x64.ActiveCfg = Debug|x64
		{9EAC5BB2-FA20-45A4-B8E9-97C145F38F25}.Debug|x64.Build.0 = Debug|x64
		{9EAC5BB2-FA20-45A4-B8E9-97C145F38F25}.Debug|x86.ActiveCfg = Debug|Any CPU
		{9EAC5BB2-FA20-45A4-B8E9-97C145F38F25}.Debug|x86.Build.0 = Debug|Any CPU
		{9EAC5BB2-FA20-45A4-B8E9-97C145F38F25}.Release|Any CPU.ActiveCfg = Release|Any CPU
		{9EAC5BB2-FA20-45A4-B8E9-97C145F38F25}.Release|Any CPU.Build.0 = Release|Any CPU
		{9EAC5BB2-FA20-45A4-B8E9-97C145F38F25}.Release|x64.ActiveCfg = Release|x64
		{9EAC5BB2-FA20-45A4-B8E9-97C145F38F25}.Release|x64.Build.0 = Release|x64
		{9EAC5BB2-FA20-45A4-B8E9-97C145F38F25}.Release|x86.ActiveCfg = Release|Any CPU
		{9EAC5BB2-FA20-45A4-B8E9-97C145F38F25}.Release|x86.Build.0 = Release|Any CPU
		{66799E02-D6D6-40A0-9D98-B6CD718E76C7}.Debug|Any CPU.ActiveCfg = Debug|Any CPU
		{66799E02-D6D6-40A0-9D98-B6CD718E76C7}.Debug|Any CPU.Build.0 = Debug|Any CPU
		{66799E02-D6D6-40A0-9D98-B6CD718E76C7}.Debug|x64.ActiveCfg = Debug|x64
		{66799E02-D6D6-40A0-9D98-B6CD718E76C7}.Debug|x64.Build.0 = Debug|x64
		{66799E02-D6D6-40A0-9D98-B6CD718E76C7}.Debug|x86.ActiveCfg = Debug|Any CPU
		{66799E02-D6D6-40A0-9D98-B6CD718E76C7}.Debug|x86.Build.0 = Debug|Any CPU
		{66799E02-D6D6-40A0-9D98-B6CD718E76C7}.Release|Any CPU.ActiveCfg = Release|Any CPU
		{66799E02-D6D6-40A0-9D98-B6CD718E76C7}.Release|Any CPU.Build.0 = Release|Any CPU
		{66799E02-D6D6-40A0-9D98-B6CD718E76C7}.Release|x64.ActiveCfg = Release|x64
		{66799E02-D6D6-40A0-9D98-B6CD718E76C7}.Release|x64.Build.0 = Release|x64
		{66799E02-D6D6-40A0-9D98-B6CD718E76C7}.Release|x86.ActiveCfg = Release|Any CPU
		{66799E02-D6D6-40A0-9D98-B6CD718E76C7}.Release|x86.Build.0 = Release|Any CPU
		{F2D3FB95-F97A-4049-BCA4-71854FD4FAF3}.Debug|Any CPU.ActiveCfg = Debug|Any CPU
		{F2D3FB95-F97A-4049-BCA4-71854FD4FAF3}.Debug|Any CPU.Build.0 = Debug|Any CPU
		{F2D3FB95-F97A-4049-BCA4-71854FD4FAF3}.Debug|x64.ActiveCfg = Debug|x64
		{F2D3FB95-F97A-4049-BCA4-71854FD4FAF3}.Debug|x64.Build.0 = Debug|x64
		{F2D3FB95-F97A-4049-BCA4-71854FD4FAF3}.Debug|x86.ActiveCfg = Debug|Any CPU
		{F2D3FB95-F97A-4049-BCA4-71854FD4FAF3}.Debug|x86.Build.0 = Debug|Any CPU
		{F2D3FB95-F97A-4049-BCA4-71854FD4FAF3}.Release|Any CPU.ActiveCfg = Release|Any CPU
		{F2D3FB95-F97A-4049-BCA4-71854FD4FAF3}.Release|Any CPU.Build.0 = Release|Any CPU
		{F2D3FB95-F97A-4049-BCA4-71854FD4FAF3}.Release|x64.ActiveCfg = Release|x64
		{F2D3FB95-F97A-4049-BCA4-71854FD4FAF3}.Release|x64.Build.0 = Release|x64
		{F2D3FB95-F97A-4049-BCA4-71854FD4FAF3}.Release|x86.ActiveCfg = Release|Any CPU
		{F2D3FB95-F97A-4049-BCA4-71854FD4FAF3}.Release|x86.Build.0 = Release|Any CPU
		{0F9CA9C0-D254-49F9-B0C3-CD50185A5BF6}.Debug|Any CPU.ActiveCfg = Debug|Any CPU
		{0F9CA9C0-D254-49F9-B0C3-CD50185A5BF6}.Debug|Any CPU.Build.0 = Debug|Any CPU
		{0F9CA9C0-D254-49F9-B0C3-CD50185A5BF6}.Debug|x64.ActiveCfg = Debug|x64
		{0F9CA9C0-D254-49F9-B0C3-CD50185A5BF6}.Debug|x64.Build.0 = Debug|x64
		{0F9CA9C0-D254-49F9-B0C3-CD50185A5BF6}.Debug|x86.ActiveCfg = Debug|Any CPU
		{0F9CA9C0-D254-49F9-B0C3-CD50185A5BF6}.Debug|x86.Build.0 = Debug|Any CPU
		{0F9CA9C0-D254-49F9-B0C3-CD50185A5BF6}.Release|Any CPU.ActiveCfg = Release|Any CPU
		{0F9CA9C0-D254-49F9-B0C3-CD50185A5BF6}.Release|Any CPU.Build.0 = Release|Any CPU
		{0F9CA9C0-D254-49F9-B0C3-CD50185A5BF6}.Release|x64.ActiveCfg = Release|x64
		{0F9CA9C0-D254-49F9-B0C3-CD50185A5BF6}.Release|x64.Build.0 = Release|x64
		{0F9CA9C0-D254-49F9-B0C3-CD50185A5BF6}.Release|x86.ActiveCfg = Release|Any CPU
		{0F9CA9C0-D254-49F9-B0C3-CD50185A5BF6}.Release|x86.Build.0 = Release|Any CPU
		{F8837AF6-36A5-4D14-B1FE-E09CAFFA6DAC}.Debug|Any CPU.ActiveCfg = Debug|Any CPU
		{F8837AF6-36A5-4D14-B1FE-E09CAFFA6DAC}.Debug|Any CPU.Build.0 = Debug|Any CPU
		{F8837AF6-36A5-4D14-B1FE-E09CAFFA6DAC}.Debug|x64.ActiveCfg = Debug|x64
		{F8837AF6-36A5-4D14-B1FE-E09CAFFA6DAC}.Debug|x64.Build.0 = Debug|x64
		{F8837AF6-36A5-4D14-B1FE-E09CAFFA6DAC}.Debug|x86.ActiveCfg = Debug|Any CPU
		{F8837AF6-36A5-4D14-B1FE-E09CAFFA6DAC}.Debug|x86.Build.0 = Debug|Any CPU
		{F8837AF6-36A5-4D14-B1FE-E09CAFFA6DAC}.Release|Any CPU.ActiveCfg = Release|Any CPU
		{F8837AF6-36A5-4D14-B1FE-E09CAFFA6DAC}.Release|Any CPU.Build.0 = Release|Any CPU
		{F8837AF6-36A5-4D14-B1FE-E09CAFFA6DAC}.Release|x64.ActiveCfg = Release|x64
		{F8837AF6-36A5-4D14-B1FE-E09CAFFA6DAC}.Release|x64.Build.0 = Release|x64
		{F8837AF6-36A5-4D14-B1FE-E09CAFFA6DAC}.Release|x86.ActiveCfg = Release|Any CPU
		{F8837AF6-36A5-4D14-B1FE-E09CAFFA6DAC}.Release|x86.Build.0 = Release|Any CPU
		{B2D0126F-8C82-4EAA-87E5-67415F589098}.Debug|Any CPU.ActiveCfg = Debug|Any CPU
		{B2D0126F-8C82-4EAA-87E5-67415F589098}.Debug|Any CPU.Build.0 = Debug|Any CPU
		{B2D0126F-8C82-4EAA-87E5-67415F589098}.Debug|x64.ActiveCfg = Debug|x64
		{B2D0126F-8C82-4EAA-87E5-67415F589098}.Debug|x64.Build.0 = Debug|x64
		{B2D0126F-8C82-4EAA-87E5-67415F589098}.Debug|x86.ActiveCfg = Debug|Any CPU
		{B2D0126F-8C82-4EAA-87E5-67415F589098}.Debug|x86.Build.0 = Debug|Any CPU
		{B2D0126F-8C82-4EAA-87E5-67415F589098}.Release|Any CPU.ActiveCfg = Release|Any CPU
		{B2D0126F-8C82-4EAA-87E5-67415F589098}.Release|Any CPU.Build.0 = Release|Any CPU
		{B2D0126F-8C82-4EAA-87E5-67415F589098}.Release|x64.ActiveCfg = Release|x64
		{B2D0126F-8C82-4EAA-87E5-67415F589098}.Release|x64.Build.0 = Release|x64
		{B2D0126F-8C82-4EAA-87E5-67415F589098}.Release|x86.ActiveCfg = Release|Any CPU
		{B2D0126F-8C82-4EAA-87E5-67415F589098}.Release|x86.Build.0 = Release|Any CPU
		{01E89552-13A5-4A24-80B2-9246700F72FD}.Debug|Any CPU.ActiveCfg = Debug|Any CPU
		{01E89552-13A5-4A24-80B2-9246700F72FD}.Debug|Any CPU.Build.0 = Debug|Any CPU
		{01E89552-13A5-4A24-80B2-9246700F72FD}.Debug|x64.ActiveCfg = Debug|x64
		{01E89552-13A5-4A24-80B2-9246700F72FD}.Debug|x64.Build.0 = Debug|x64
		{01E89552-13A5-4A24-80B2-9246700F72FD}.Debug|x86.ActiveCfg = Debug|Any CPU
		{01E89552-13A5-4A24-80B2-9246700F72FD}.Debug|x86.Build.0 = Debug|Any CPU
		{01E89552-13A5-4A24-80B2-9246700F72FD}.Release|Any CPU.ActiveCfg = Release|Any CPU
		{01E89552-13A5-4A24-80B2-9246700F72FD}.Release|Any CPU.Build.0 = Release|Any CPU
		{01E89552-13A5-4A24-80B2-9246700F72FD}.Release|x64.ActiveCfg = Release|x64
		{01E89552-13A5-4A24-80B2-9246700F72FD}.Release|x64.Build.0 = Release|x64
		{01E89552-13A5-4A24-80B2-9246700F72FD}.Release|x86.ActiveCfg = Release|Any CPU
		{01E89552-13A5-4A24-80B2-9246700F72FD}.Release|x86.Build.0 = Release|Any CPU
		{45A044B5-1D4F-4B6E-964B-3B2FA5E39AB2}.Debug|Any CPU.ActiveCfg = Debug|Any CPU
		{45A044B5-1D4F-4B6E-964B-3B2FA5E39AB2}.Debug|Any CPU.Build.0 = Debug|Any CPU
		{45A044B5-1D4F-4B6E-964B-3B2FA5E39AB2}.Debug|x64.ActiveCfg = Debug|x64
		{45A044B5-1D4F-4B6E-964B-3B2FA5E39AB2}.Debug|x64.Build.0 = Debug|x64
		{45A044B5-1D4F-4B6E-964B-3B2FA5E39AB2}.Debug|x86.ActiveCfg = Debug|Any CPU
		{45A044B5-1D4F-4B6E-964B-3B2FA5E39AB2}.Debug|x86.Build.0 = Debug|Any CPU
		{45A044B5-1D4F-4B6E-964B-3B2FA5E39AB2}.Release|Any CPU.ActiveCfg = Release|Any CPU
		{45A044B5-1D4F-4B6E-964B-3B2FA5E39AB2}.Release|Any CPU.Build.0 = Release|Any CPU
		{45A044B5-1D4F-4B6E-964B-3B2FA5E39AB2}.Release|x64.ActiveCfg = Release|x64
		{45A044B5-1D4F-4B6E-964B-3B2FA5E39AB2}.Release|x64.Build.0 = Release|x64
		{45A044B5-1D4F-4B6E-964B-3B2FA5E39AB2}.Release|x86.ActiveCfg = Release|Any CPU
		{45A044B5-1D4F-4B6E-964B-3B2FA5E39AB2}.Release|x86.Build.0 = Release|Any CPU
		{446E56F7-4DFC-4B69-85DE-77B7B48DBE44}.Debug|Any CPU.ActiveCfg = Debug|Any CPU
		{446E56F7-4DFC-4B69-85DE-77B7B48DBE44}.Debug|Any CPU.Build.0 = Debug|Any CPU
		{446E56F7-4DFC-4B69-85DE-77B7B48DBE44}.Debug|x64.ActiveCfg = Debug|x64
		{446E56F7-4DFC-4B69-85DE-77B7B48DBE44}.Debug|x64.Build.0 = Debug|x64
		{446E56F7-4DFC-4B69-85DE-77B7B48DBE44}.Debug|x86.ActiveCfg = Debug|Any CPU
		{446E56F7-4DFC-4B69-85DE-77B7B48DBE44}.Debug|x86.Build.0 = Debug|Any CPU
		{446E56F7-4DFC-4B69-85DE-77B7B48DBE44}.Release|Any CPU.ActiveCfg = Release|Any CPU
		{446E56F7-4DFC-4B69-85DE-77B7B48DBE44}.Release|Any CPU.Build.0 = Release|Any CPU
		{446E56F7-4DFC-4B69-85DE-77B7B48DBE44}.Release|x64.ActiveCfg = Release|x64
		{446E56F7-4DFC-4B69-85DE-77B7B48DBE44}.Release|x64.Build.0 = Release|x64
		{446E56F7-4DFC-4B69-85DE-77B7B48DBE44}.Release|x86.ActiveCfg = Release|Any CPU
		{446E56F7-4DFC-4B69-85DE-77B7B48DBE44}.Release|x86.Build.0 = Release|Any CPU
		{54D19BA4-AC57-4A0E-BF19-42A567F28108}.Debug|Any CPU.ActiveCfg = Debug|Any CPU
		{54D19BA4-AC57-4A0E-BF19-42A567F28108}.Debug|Any CPU.Build.0 = Debug|Any CPU
		{54D19BA4-AC57-4A0E-BF19-42A567F28108}.Debug|x64.ActiveCfg = Debug|x64
		{54D19BA4-AC57-4A0E-BF19-42A567F28108}.Debug|x64.Build.0 = Debug|x64
		{54D19BA4-AC57-4A0E-BF19-42A567F28108}.Debug|x86.ActiveCfg = Debug|Any CPU
		{54D19BA4-AC57-4A0E-BF19-42A567F28108}.Debug|x86.Build.0 = Debug|Any CPU
		{54D19BA4-AC57-4A0E-BF19-42A567F28108}.Release|Any CPU.ActiveCfg = Release|Any CPU
		{54D19BA4-AC57-4A0E-BF19-42A567F28108}.Release|Any CPU.Build.0 = Release|Any CPU
		{54D19BA4-AC57-4A0E-BF19-42A567F28108}.Release|x64.ActiveCfg = Release|x64
		{54D19BA4-AC57-4A0E-BF19-42A567F28108}.Release|x64.Build.0 = Release|x64
		{54D19BA4-AC57-4A0E-BF19-42A567F28108}.Release|x86.ActiveCfg = Release|Any CPU
		{54D19BA4-AC57-4A0E-BF19-42A567F28108}.Release|x86.Build.0 = Release|Any CPU
		{DD54A1C0-2926-45BF-82DE-36221845F1D7}.Debug|Any CPU.ActiveCfg = Debug|Any CPU
		{DD54A1C0-2926-45BF-82DE-36221845F1D7}.Debug|Any CPU.Build.0 = Debug|Any CPU
		{DD54A1C0-2926-45BF-82DE-36221845F1D7}.Debug|x64.ActiveCfg = Debug|x64
		{DD54A1C0-2926-45BF-82DE-36221845F1D7}.Debug|x64.Build.0 = Debug|x64
		{DD54A1C0-2926-45BF-82DE-36221845F1D7}.Debug|x86.ActiveCfg = Debug|Any CPU
		{DD54A1C0-2926-45BF-82DE-36221845F1D7}.Debug|x86.Build.0 = Debug|Any CPU
		{DD54A1C0-2926-45BF-82DE-36221845F1D7}.Release|Any CPU.ActiveCfg = Release|Any CPU
		{DD54A1C0-2926-45BF-82DE-36221845F1D7}.Release|Any CPU.Build.0 = Release|Any CPU
		{DD54A1C0-2926-45BF-82DE-36221845F1D7}.Release|x64.ActiveCfg = Release|x64
		{DD54A1C0-2926-45BF-82DE-36221845F1D7}.Release|x64.Build.0 = Release|x64
		{DD54A1C0-2926-45BF-82DE-36221845F1D7}.Release|x86.ActiveCfg = Release|Any CPU
		{DD54A1C0-2926-45BF-82DE-36221845F1D7}.Release|x86.Build.0 = Release|Any CPU
		{BDF7D4A0-1E8B-4487-862E-2DA58A7BC267}.Debug|Any CPU.ActiveCfg = Debug|Any CPU
		{BDF7D4A0-1E8B-4487-862E-2DA58A7BC267}.Debug|Any CPU.Build.0 = Debug|Any CPU
		{BDF7D4A0-1E8B-4487-862E-2DA58A7BC267}.Debug|x64.ActiveCfg = Debug|x64
		{BDF7D4A0-1E8B-4487-862E-2DA58A7BC267}.Debug|x64.Build.0 = Debug|x64
		{BDF7D4A0-1E8B-4487-862E-2DA58A7BC267}.Debug|x86.ActiveCfg = Debug|Any CPU
		{BDF7D4A0-1E8B-4487-862E-2DA58A7BC267}.Debug|x86.Build.0 = Debug|Any CPU
		{BDF7D4A0-1E8B-4487-862E-2DA58A7BC267}.Release|Any CPU.ActiveCfg = Release|Any CPU
		{BDF7D4A0-1E8B-4487-862E-2DA58A7BC267}.Release|Any CPU.Build.0 = Release|Any CPU
		{BDF7D4A0-1E8B-4487-862E-2DA58A7BC267}.Release|x64.ActiveCfg = Release|x64
		{BDF7D4A0-1E8B-4487-862E-2DA58A7BC267}.Release|x64.Build.0 = Release|x64
		{BDF7D4A0-1E8B-4487-862E-2DA58A7BC267}.Release|x86.ActiveCfg = Release|Any CPU
		{BDF7D4A0-1E8B-4487-862E-2DA58A7BC267}.Release|x86.Build.0 = Release|Any CPU
		{DD8FD061-D3B2-43AE-B74D-03D94A2876A3}.Debug|Any CPU.ActiveCfg = Debug|Any CPU
		{DD8FD061-D3B2-43AE-B74D-03D94A2876A3}.Debug|Any CPU.Build.0 = Debug|Any CPU
		{DD8FD061-D3B2-43AE-B74D-03D94A2876A3}.Debug|x64.ActiveCfg = Debug|x64
		{DD8FD061-D3B2-43AE-B74D-03D94A2876A3}.Debug|x64.Build.0 = Debug|x64
		{DD8FD061-D3B2-43AE-B74D-03D94A2876A3}.Debug|x86.ActiveCfg = Debug|Any CPU
		{DD8FD061-D3B2-43AE-B74D-03D94A2876A3}.Debug|x86.Build.0 = Debug|Any CPU
		{DD8FD061-D3B2-43AE-B74D-03D94A2876A3}.Release|Any CPU.ActiveCfg = Release|Any CPU
		{DD8FD061-D3B2-43AE-B74D-03D94A2876A3}.Release|Any CPU.Build.0 = Release|Any CPU
		{DD8FD061-D3B2-43AE-B74D-03D94A2876A3}.Release|x64.ActiveCfg = Release|x64
		{DD8FD061-D3B2-43AE-B74D-03D94A2876A3}.Release|x64.Build.0 = Release|x64
		{DD8FD061-D3B2-43AE-B74D-03D94A2876A3}.Release|x86.ActiveCfg = Release|Any CPU
		{DD8FD061-D3B2-43AE-B74D-03D94A2876A3}.Release|x86.Build.0 = Release|Any CPU
		{CA5585EB-5C96-4DF3-823C-878C0AD7D739}.Debug|Any CPU.ActiveCfg = Debug|Any CPU
		{CA5585EB-5C96-4DF3-823C-878C0AD7D739}.Debug|Any CPU.Build.0 = Debug|Any CPU
		{CA5585EB-5C96-4DF3-823C-878C0AD7D739}.Debug|x64.ActiveCfg = Debug|x64
		{CA5585EB-5C96-4DF3-823C-878C0AD7D739}.Debug|x64.Build.0 = Debug|x64
		{CA5585EB-5C96-4DF3-823C-878C0AD7D739}.Debug|x86.ActiveCfg = Debug|Any CPU
		{CA5585EB-5C96-4DF3-823C-878C0AD7D739}.Debug|x86.Build.0 = Debug|Any CPU
		{CA5585EB-5C96-4DF3-823C-878C0AD7D739}.Release|Any CPU.ActiveCfg = Release|Any CPU
		{CA5585EB-5C96-4DF3-823C-878C0AD7D739}.Release|Any CPU.Build.0 = Release|Any CPU
		{CA5585EB-5C96-4DF3-823C-878C0AD7D739}.Release|x64.ActiveCfg = Release|x64
		{CA5585EB-5C96-4DF3-823C-878C0AD7D739}.Release|x64.Build.0 = Release|x64
		{CA5585EB-5C96-4DF3-823C-878C0AD7D739}.Release|x86.ActiveCfg = Release|Any CPU
		{CA5585EB-5C96-4DF3-823C-878C0AD7D739}.Release|x86.Build.0 = Release|Any CPU
		{BB381252-44CF-4962-984B-ABD697DCC9FB}.Debug|Any CPU.ActiveCfg = Debug|Any CPU
		{BB381252-44CF-4962-984B-ABD697DCC9FB}.Debug|Any CPU.Build.0 = Debug|Any CPU
		{BB381252-44CF-4962-984B-ABD697DCC9FB}.Debug|x64.ActiveCfg = Debug|x64
		{BB381252-44CF-4962-984B-ABD697DCC9FB}.Debug|x64.Build.0 = Debug|x64
		{BB381252-44CF-4962-984B-ABD697DCC9FB}.Debug|x86.ActiveCfg = Debug|Any CPU
		{BB381252-44CF-4962-984B-ABD697DCC9FB}.Debug|x86.Build.0 = Debug|Any CPU
		{BB381252-44CF-4962-984B-ABD697DCC9FB}.Release|Any CPU.ActiveCfg = Release|Any CPU
		{BB381252-44CF-4962-984B-ABD697DCC9FB}.Release|Any CPU.Build.0 = Release|Any CPU
		{BB381252-44CF-4962-984B-ABD697DCC9FB}.Release|x64.ActiveCfg = Release|x64
		{BB381252-44CF-4962-984B-ABD697DCC9FB}.Release|x64.Build.0 = Release|x64
		{BB381252-44CF-4962-984B-ABD697DCC9FB}.Release|x86.ActiveCfg = Release|Any CPU
		{BB381252-44CF-4962-984B-ABD697DCC9FB}.Release|x86.Build.0 = Release|Any CPU
		{4CF48B4E-AB93-479E-B79C-F9101F24B7BA}.Debug|Any CPU.ActiveCfg = Debug|Any CPU
		{4CF48B4E-AB93-479E-B79C-F9101F24B7BA}.Debug|Any CPU.Build.0 = Debug|Any CPU
		{4CF48B4E-AB93-479E-B79C-F9101F24B7BA}.Debug|x64.ActiveCfg = Debug|x64
		{4CF48B4E-AB93-479E-B79C-F9101F24B7BA}.Debug|x64.Build.0 = Debug|x64
		{4CF48B4E-AB93-479E-B79C-F9101F24B7BA}.Debug|x86.ActiveCfg = Debug|Any CPU
		{4CF48B4E-AB93-479E-B79C-F9101F24B7BA}.Debug|x86.Build.0 = Debug|Any CPU
		{4CF48B4E-AB93-479E-B79C-F9101F24B7BA}.Release|Any CPU.ActiveCfg = Release|Any CPU
		{4CF48B4E-AB93-479E-B79C-F9101F24B7BA}.Release|Any CPU.Build.0 = Release|Any CPU
		{4CF48B4E-AB93-479E-B79C-F9101F24B7BA}.Release|x64.ActiveCfg = Release|x64
		{4CF48B4E-AB93-479E-B79C-F9101F24B7BA}.Release|x64.Build.0 = Release|x64
		{4CF48B4E-AB93-479E-B79C-F9101F24B7BA}.Release|x86.ActiveCfg = Release|Any CPU
		{4CF48B4E-AB93-479E-B79C-F9101F24B7BA}.Release|x86.Build.0 = Release|Any CPU
		{88BAA407-3FEA-4F4B-BB41-5309CE48884E}.Debug|Any CPU.ActiveCfg = Debug|Any CPU
		{88BAA407-3FEA-4F4B-BB41-5309CE48884E}.Debug|Any CPU.Build.0 = Debug|Any CPU
		{88BAA407-3FEA-4F4B-BB41-5309CE48884E}.Debug|x64.ActiveCfg = Debug|x64
		{88BAA407-3FEA-4F4B-BB41-5309CE48884E}.Debug|x64.Build.0 = Debug|x64
		{88BAA407-3FEA-4F4B-BB41-5309CE48884E}.Debug|x86.ActiveCfg = Debug|Any CPU
		{88BAA407-3FEA-4F4B-BB41-5309CE48884E}.Debug|x86.Build.0 = Debug|Any CPU
		{88BAA407-3FEA-4F4B-BB41-5309CE48884E}.Release|Any CPU.ActiveCfg = Release|Any CPU
		{88BAA407-3FEA-4F4B-BB41-5309CE48884E}.Release|Any CPU.Build.0 = Release|Any CPU
		{88BAA407-3FEA-4F4B-BB41-5309CE48884E}.Release|x64.ActiveCfg = Release|x64
		{88BAA407-3FEA-4F4B-BB41-5309CE48884E}.Release|x64.Build.0 = Release|x64
		{88BAA407-3FEA-4F4B-BB41-5309CE48884E}.Release|x86.ActiveCfg = Release|Any CPU
		{88BAA407-3FEA-4F4B-BB41-5309CE48884E}.Release|x86.Build.0 = Release|Any CPU
		{12C1DB8F-4309-43E2-B576-FEB50B59EC25}.Debug|Any CPU.ActiveCfg = Debug|Any CPU
		{12C1DB8F-4309-43E2-B576-FEB50B59EC25}.Debug|Any CPU.Build.0 = Debug|Any CPU
		{12C1DB8F-4309-43E2-B576-FEB50B59EC25}.Debug|x64.ActiveCfg = Debug|x64
		{12C1DB8F-4309-43E2-B576-FEB50B59EC25}.Debug|x64.Build.0 = Debug|x64
		{12C1DB8F-4309-43E2-B576-FEB50B59EC25}.Debug|x86.ActiveCfg = Debug|Any CPU
		{12C1DB8F-4309-43E2-B576-FEB50B59EC25}.Debug|x86.Build.0 = Debug|Any CPU
		{12C1DB8F-4309-43E2-B576-FEB50B59EC25}.Release|Any CPU.ActiveCfg = Release|Any CPU
		{12C1DB8F-4309-43E2-B576-FEB50B59EC25}.Release|Any CPU.Build.0 = Release|Any CPU
		{12C1DB8F-4309-43E2-B576-FEB50B59EC25}.Release|x64.ActiveCfg = Release|x64
		{12C1DB8F-4309-43E2-B576-FEB50B59EC25}.Release|x64.Build.0 = Release|x64
		{12C1DB8F-4309-43E2-B576-FEB50B59EC25}.Release|x86.ActiveCfg = Release|Any CPU
		{12C1DB8F-4309-43E2-B576-FEB50B59EC25}.Release|x86.Build.0 = Release|Any CPU
		{6DA72C33-AC0E-4174-AA47-5A12453F5900}.Debug|Any CPU.ActiveCfg = Debug|Any CPU
		{6DA72C33-AC0E-4174-AA47-5A12453F5900}.Debug|Any CPU.Build.0 = Debug|Any CPU
		{6DA72C33-AC0E-4174-AA47-5A12453F5900}.Debug|x64.ActiveCfg = Debug|x64
		{6DA72C33-AC0E-4174-AA47-5A12453F5900}.Debug|x64.Build.0 = Debug|x64
		{6DA72C33-AC0E-4174-AA47-5A12453F5900}.Debug|x86.ActiveCfg = Debug|Any CPU
		{6DA72C33-AC0E-4174-AA47-5A12453F5900}.Debug|x86.Build.0 = Debug|Any CPU
		{6DA72C33-AC0E-4174-AA47-5A12453F5900}.Release|Any CPU.ActiveCfg = Release|Any CPU
		{6DA72C33-AC0E-4174-AA47-5A12453F5900}.Release|Any CPU.Build.0 = Release|Any CPU
		{6DA72C33-AC0E-4174-AA47-5A12453F5900}.Release|x64.ActiveCfg = Release|x64
		{6DA72C33-AC0E-4174-AA47-5A12453F5900}.Release|x64.Build.0 = Release|x64
		{6DA72C33-AC0E-4174-AA47-5A12453F5900}.Release|x86.ActiveCfg = Release|Any CPU
		{6DA72C33-AC0E-4174-AA47-5A12453F5900}.Release|x86.Build.0 = Release|Any CPU
		{DEDA47B4-8F22-4A8B-8F18-96981C6B408D}.Debug|Any CPU.ActiveCfg = Debug|Any CPU
		{DEDA47B4-8F22-4A8B-8F18-96981C6B408D}.Debug|Any CPU.Build.0 = Debug|Any CPU
		{DEDA47B4-8F22-4A8B-8F18-96981C6B408D}.Debug|x64.ActiveCfg = Debug|x64
		{DEDA47B4-8F22-4A8B-8F18-96981C6B408D}.Debug|x64.Build.0 = Debug|x64
		{DEDA47B4-8F22-4A8B-8F18-96981C6B408D}.Debug|x86.ActiveCfg = Debug|Any CPU
		{DEDA47B4-8F22-4A8B-8F18-96981C6B408D}.Debug|x86.Build.0 = Debug|Any CPU
		{DEDA47B4-8F22-4A8B-8F18-96981C6B408D}.Release|Any CPU.ActiveCfg = Release|Any CPU
		{DEDA47B4-8F22-4A8B-8F18-96981C6B408D}.Release|Any CPU.Build.0 = Release|Any CPU
		{DEDA47B4-8F22-4A8B-8F18-96981C6B408D}.Release|x64.ActiveCfg = Release|x64
		{DEDA47B4-8F22-4A8B-8F18-96981C6B408D}.Release|x64.Build.0 = Release|x64
		{DEDA47B4-8F22-4A8B-8F18-96981C6B408D}.Release|x86.ActiveCfg = Release|Any CPU
		{DEDA47B4-8F22-4A8B-8F18-96981C6B408D}.Release|x86.Build.0 = Release|Any CPU
		{128114E9-1A4D-4EBF-BA5C-5C4E136D3F53}.Debug|Any CPU.ActiveCfg = Debug|Any CPU
		{128114E9-1A4D-4EBF-BA5C-5C4E136D3F53}.Debug|Any CPU.Build.0 = Debug|Any CPU
		{128114E9-1A4D-4EBF-BA5C-5C4E136D3F53}.Debug|x64.ActiveCfg = Debug|x64
		{128114E9-1A4D-4EBF-BA5C-5C4E136D3F53}.Debug|x64.Build.0 = Debug|x64
		{128114E9-1A4D-4EBF-BA5C-5C4E136D3F53}.Debug|x86.ActiveCfg = Debug|Any CPU
		{128114E9-1A4D-4EBF-BA5C-5C4E136D3F53}.Debug|x86.Build.0 = Debug|Any CPU
		{128114E9-1A4D-4EBF-BA5C-5C4E136D3F53}.Release|Any CPU.ActiveCfg = Release|Any CPU
		{128114E9-1A4D-4EBF-BA5C-5C4E136D3F53}.Release|Any CPU.Build.0 = Release|Any CPU
		{128114E9-1A4D-4EBF-BA5C-5C4E136D3F53}.Release|x64.ActiveCfg = Release|x64
		{128114E9-1A4D-4EBF-BA5C-5C4E136D3F53}.Release|x64.Build.0 = Release|x64
		{128114E9-1A4D-4EBF-BA5C-5C4E136D3F53}.Release|x86.ActiveCfg = Release|Any CPU
		{128114E9-1A4D-4EBF-BA5C-5C4E136D3F53}.Release|x86.Build.0 = Release|Any CPU
		{4A227E8F-4045-4418-98A0-228C0ACC30FF}.Debug|Any CPU.ActiveCfg = Debug|Any CPU
		{4A227E8F-4045-4418-98A0-228C0ACC30FF}.Debug|Any CPU.Build.0 = Debug|Any CPU
		{4A227E8F-4045-4418-98A0-228C0ACC30FF}.Debug|x64.ActiveCfg = Debug|x64
		{4A227E8F-4045-4418-98A0-228C0ACC30FF}.Debug|x64.Build.0 = Debug|x64
		{4A227E8F-4045-4418-98A0-228C0ACC30FF}.Debug|x86.ActiveCfg = Debug|Any CPU
		{4A227E8F-4045-4418-98A0-228C0ACC30FF}.Debug|x86.Build.0 = Debug|Any CPU
		{4A227E8F-4045-4418-98A0-228C0ACC30FF}.Release|Any CPU.ActiveCfg = Release|Any CPU
		{4A227E8F-4045-4418-98A0-228C0ACC30FF}.Release|Any CPU.Build.0 = Release|Any CPU
		{4A227E8F-4045-4418-98A0-228C0ACC30FF}.Release|x64.ActiveCfg = Release|x64
		{4A227E8F-4045-4418-98A0-228C0ACC30FF}.Release|x64.Build.0 = Release|x64
		{4A227E8F-4045-4418-98A0-228C0ACC30FF}.Release|x86.ActiveCfg = Release|Any CPU
		{4A227E8F-4045-4418-98A0-228C0ACC30FF}.Release|x86.Build.0 = Release|Any CPU
		{3C4270CF-77BA-4100-BBAB-6E2802C49478}.Debug|Any CPU.ActiveCfg = Debug|Any CPU
		{3C4270CF-77BA-4100-BBAB-6E2802C49478}.Debug|Any CPU.Build.0 = Debug|Any CPU
		{3C4270CF-77BA-4100-BBAB-6E2802C49478}.Debug|x64.ActiveCfg = Debug|x64
		{3C4270CF-77BA-4100-BBAB-6E2802C49478}.Debug|x64.Build.0 = Debug|x64
		{3C4270CF-77BA-4100-BBAB-6E2802C49478}.Debug|x86.ActiveCfg = Debug|Any CPU
		{3C4270CF-77BA-4100-BBAB-6E2802C49478}.Debug|x86.Build.0 = Debug|Any CPU
		{3C4270CF-77BA-4100-BBAB-6E2802C49478}.Release|Any CPU.ActiveCfg = Release|Any CPU
		{3C4270CF-77BA-4100-BBAB-6E2802C49478}.Release|Any CPU.Build.0 = Release|Any CPU
		{3C4270CF-77BA-4100-BBAB-6E2802C49478}.Release|x64.ActiveCfg = Release|x64
		{3C4270CF-77BA-4100-BBAB-6E2802C49478}.Release|x64.Build.0 = Release|x64
		{3C4270CF-77BA-4100-BBAB-6E2802C49478}.Release|x86.ActiveCfg = Release|Any CPU
		{3C4270CF-77BA-4100-BBAB-6E2802C49478}.Release|x86.Build.0 = Release|Any CPU
		{BFDB287F-7E23-4D44-B114-DF2E05C2CF04}.Debug|Any CPU.ActiveCfg = Debug|Any CPU
		{BFDB287F-7E23-4D44-B114-DF2E05C2CF04}.Debug|Any CPU.Build.0 = Debug|Any CPU
		{BFDB287F-7E23-4D44-B114-DF2E05C2CF04}.Debug|x64.ActiveCfg = Debug|x64
		{BFDB287F-7E23-4D44-B114-DF2E05C2CF04}.Debug|x64.Build.0 = Debug|x64
		{BFDB287F-7E23-4D44-B114-DF2E05C2CF04}.Debug|x86.ActiveCfg = Debug|Any CPU
		{BFDB287F-7E23-4D44-B114-DF2E05C2CF04}.Debug|x86.Build.0 = Debug|Any CPU
		{BFDB287F-7E23-4D44-B114-DF2E05C2CF04}.Release|Any CPU.ActiveCfg = Release|Any CPU
		{BFDB287F-7E23-4D44-B114-DF2E05C2CF04}.Release|Any CPU.Build.0 = Release|Any CPU
		{BFDB287F-7E23-4D44-B114-DF2E05C2CF04}.Release|x64.ActiveCfg = Release|x64
		{BFDB287F-7E23-4D44-B114-DF2E05C2CF04}.Release|x64.Build.0 = Release|x64
		{BFDB287F-7E23-4D44-B114-DF2E05C2CF04}.Release|x86.ActiveCfg = Release|Any CPU
		{BFDB287F-7E23-4D44-B114-DF2E05C2CF04}.Release|x86.Build.0 = Release|Any CPU
		{2923401A-6C84-455A-A6CC-A13A70E13D63}.Debug|Any CPU.ActiveCfg = Debug|Any CPU
		{2923401A-6C84-455A-A6CC-A13A70E13D63}.Debug|Any CPU.Build.0 = Debug|Any CPU
		{2923401A-6C84-455A-A6CC-A13A70E13D63}.Debug|x64.ActiveCfg = Debug|x64
		{2923401A-6C84-455A-A6CC-A13A70E13D63}.Debug|x64.Build.0 = Debug|x64
		{2923401A-6C84-455A-A6CC-A13A70E13D63}.Debug|x86.ActiveCfg = Debug|Any CPU
		{2923401A-6C84-455A-A6CC-A13A70E13D63}.Debug|x86.Build.0 = Debug|Any CPU
		{2923401A-6C84-455A-A6CC-A13A70E13D63}.Release|Any CPU.ActiveCfg = Release|Any CPU
		{2923401A-6C84-455A-A6CC-A13A70E13D63}.Release|Any CPU.Build.0 = Release|Any CPU
		{2923401A-6C84-455A-A6CC-A13A70E13D63}.Release|x64.ActiveCfg = Release|x64
		{2923401A-6C84-455A-A6CC-A13A70E13D63}.Release|x64.Build.0 = Release|x64
		{2923401A-6C84-455A-A6CC-A13A70E13D63}.Release|x86.ActiveCfg = Release|Any CPU
		{2923401A-6C84-455A-A6CC-A13A70E13D63}.Release|x86.Build.0 = Release|Any CPU
		{89604641-927E-47FF-8DB6-91CF5C4976C1}.Debug|Any CPU.ActiveCfg = Debug|Any CPU
		{89604641-927E-47FF-8DB6-91CF5C4976C1}.Debug|Any CPU.Build.0 = Debug|Any CPU
		{89604641-927E-47FF-8DB6-91CF5C4976C1}.Debug|x64.ActiveCfg = Debug|x64
		{89604641-927E-47FF-8DB6-91CF5C4976C1}.Debug|x64.Build.0 = Debug|x64
		{89604641-927E-47FF-8DB6-91CF5C4976C1}.Debug|x86.ActiveCfg = Debug|Any CPU
		{89604641-927E-47FF-8DB6-91CF5C4976C1}.Debug|x86.Build.0 = Debug|Any CPU
		{89604641-927E-47FF-8DB6-91CF5C4976C1}.Release|Any CPU.ActiveCfg = Release|Any CPU
		{89604641-927E-47FF-8DB6-91CF5C4976C1}.Release|Any CPU.Build.0 = Release|Any CPU
		{89604641-927E-47FF-8DB6-91CF5C4976C1}.Release|x64.ActiveCfg = Release|x64
		{89604641-927E-47FF-8DB6-91CF5C4976C1}.Release|x64.Build.0 = Release|x64
		{89604641-927E-47FF-8DB6-91CF5C4976C1}.Release|x86.ActiveCfg = Release|Any CPU
		{89604641-927E-47FF-8DB6-91CF5C4976C1}.Release|x86.Build.0 = Release|Any CPU
		{257176D4-22D8-4EA5-BA41-AB36D4AD2BA9}.Debug|Any CPU.ActiveCfg = Debug|Any CPU
		{257176D4-22D8-4EA5-BA41-AB36D4AD2BA9}.Debug|Any CPU.Build.0 = Debug|Any CPU
		{257176D4-22D8-4EA5-BA41-AB36D4AD2BA9}.Debug|x64.ActiveCfg = Debug|x64
		{257176D4-22D8-4EA5-BA41-AB36D4AD2BA9}.Debug|x64.Build.0 = Debug|x64
		{257176D4-22D8-4EA5-BA41-AB36D4AD2BA9}.Debug|x86.ActiveCfg = Debug|Any CPU
		{257176D4-22D8-4EA5-BA41-AB36D4AD2BA9}.Debug|x86.Build.0 = Debug|Any CPU
		{257176D4-22D8-4EA5-BA41-AB36D4AD2BA9}.Release|Any CPU.ActiveCfg = Release|Any CPU
		{257176D4-22D8-4EA5-BA41-AB36D4AD2BA9}.Release|Any CPU.Build.0 = Release|Any CPU
		{257176D4-22D8-4EA5-BA41-AB36D4AD2BA9}.Release|x64.ActiveCfg = Release|x64
		{257176D4-22D8-4EA5-BA41-AB36D4AD2BA9}.Release|x64.Build.0 = Release|x64
		{257176D4-22D8-4EA5-BA41-AB36D4AD2BA9}.Release|x86.ActiveCfg = Release|Any CPU
		{257176D4-22D8-4EA5-BA41-AB36D4AD2BA9}.Release|x86.Build.0 = Release|Any CPU
		{32A52236-C210-40A2-829E-ACB4BB3A1B43}.Debug|Any CPU.ActiveCfg = Debug|Any CPU
		{32A52236-C210-40A2-829E-ACB4BB3A1B43}.Debug|Any CPU.Build.0 = Debug|Any CPU
		{32A52236-C210-40A2-829E-ACB4BB3A1B43}.Debug|x64.ActiveCfg = Debug|x64
		{32A52236-C210-40A2-829E-ACB4BB3A1B43}.Debug|x64.Build.0 = Debug|x64
		{32A52236-C210-40A2-829E-ACB4BB3A1B43}.Debug|x86.ActiveCfg = Debug|Any CPU
		{32A52236-C210-40A2-829E-ACB4BB3A1B43}.Debug|x86.Build.0 = Debug|Any CPU
		{32A52236-C210-40A2-829E-ACB4BB3A1B43}.Release|Any CPU.ActiveCfg = Release|Any CPU
		{32A52236-C210-40A2-829E-ACB4BB3A1B43}.Release|Any CPU.Build.0 = Release|Any CPU
		{32A52236-C210-40A2-829E-ACB4BB3A1B43}.Release|x64.ActiveCfg = Release|x64
		{32A52236-C210-40A2-829E-ACB4BB3A1B43}.Release|x64.Build.0 = Release|x64
		{32A52236-C210-40A2-829E-ACB4BB3A1B43}.Release|x86.ActiveCfg = Release|Any CPU
		{32A52236-C210-40A2-829E-ACB4BB3A1B43}.Release|x86.Build.0 = Release|Any CPU
		{5E7C4784-9AF5-4D8C-B89C-D1EF3C8C5445}.Debug|Any CPU.ActiveCfg = Debug|Any CPU
		{5E7C4784-9AF5-4D8C-B89C-D1EF3C8C5445}.Debug|Any CPU.Build.0 = Debug|Any CPU
		{5E7C4784-9AF5-4D8C-B89C-D1EF3C8C5445}.Debug|x64.ActiveCfg = Debug|x64
		{5E7C4784-9AF5-4D8C-B89C-D1EF3C8C5445}.Debug|x64.Build.0 = Debug|x64
		{5E7C4784-9AF5-4D8C-B89C-D1EF3C8C5445}.Debug|x86.ActiveCfg = Debug|Any CPU
		{5E7C4784-9AF5-4D8C-B89C-D1EF3C8C5445}.Debug|x86.Build.0 = Debug|Any CPU
		{5E7C4784-9AF5-4D8C-B89C-D1EF3C8C5445}.Release|Any CPU.ActiveCfg = Release|Any CPU
		{5E7C4784-9AF5-4D8C-B89C-D1EF3C8C5445}.Release|Any CPU.Build.0 = Release|Any CPU
		{5E7C4784-9AF5-4D8C-B89C-D1EF3C8C5445}.Release|x64.ActiveCfg = Release|x64
		{5E7C4784-9AF5-4D8C-B89C-D1EF3C8C5445}.Release|x64.Build.0 = Release|x64
		{5E7C4784-9AF5-4D8C-B89C-D1EF3C8C5445}.Release|x86.ActiveCfg = Release|Any CPU
		{5E7C4784-9AF5-4D8C-B89C-D1EF3C8C5445}.Release|x86.Build.0 = Release|Any CPU
		{EAB15DFD-CE98-4604-A90E-9F7A047A74F4}.Debug|Any CPU.ActiveCfg = Debug|Any CPU
		{EAB15DFD-CE98-4604-A90E-9F7A047A74F4}.Debug|Any CPU.Build.0 = Debug|Any CPU
		{EAB15DFD-CE98-4604-A90E-9F7A047A74F4}.Debug|x64.ActiveCfg = Debug|Any CPU
		{EAB15DFD-CE98-4604-A90E-9F7A047A74F4}.Debug|x64.Build.0 = Debug|Any CPU
		{EAB15DFD-CE98-4604-A90E-9F7A047A74F4}.Debug|x86.ActiveCfg = Debug|Any CPU
		{EAB15DFD-CE98-4604-A90E-9F7A047A74F4}.Debug|x86.Build.0 = Debug|Any CPU
		{EAB15DFD-CE98-4604-A90E-9F7A047A74F4}.Release|Any CPU.ActiveCfg = Release|Any CPU
		{EAB15DFD-CE98-4604-A90E-9F7A047A74F4}.Release|Any CPU.Build.0 = Release|Any CPU
		{EAB15DFD-CE98-4604-A90E-9F7A047A74F4}.Release|x64.ActiveCfg = Release|Any CPU
		{EAB15DFD-CE98-4604-A90E-9F7A047A74F4}.Release|x64.Build.0 = Release|Any CPU
		{EAB15DFD-CE98-4604-A90E-9F7A047A74F4}.Release|x86.ActiveCfg = Release|Any CPU
		{EAB15DFD-CE98-4604-A90E-9F7A047A74F4}.Release|x86.Build.0 = Release|Any CPU
		{2E2E2FF7-D7A1-4AF7-956E-0951B18B7FF5}.Debug|Any CPU.ActiveCfg = Debug|Any CPU
		{2E2E2FF7-D7A1-4AF7-956E-0951B18B7FF5}.Debug|Any CPU.Build.0 = Debug|Any CPU
		{2E2E2FF7-D7A1-4AF7-956E-0951B18B7FF5}.Debug|x64.ActiveCfg = Debug|Any CPU
		{2E2E2FF7-D7A1-4AF7-956E-0951B18B7FF5}.Debug|x64.Build.0 = Debug|Any CPU
		{2E2E2FF7-D7A1-4AF7-956E-0951B18B7FF5}.Debug|x86.ActiveCfg = Debug|Any CPU
		{2E2E2FF7-D7A1-4AF7-956E-0951B18B7FF5}.Debug|x86.Build.0 = Debug|Any CPU
		{2E2E2FF7-D7A1-4AF7-956E-0951B18B7FF5}.Release|Any CPU.ActiveCfg = Release|Any CPU
		{2E2E2FF7-D7A1-4AF7-956E-0951B18B7FF5}.Release|Any CPU.Build.0 = Release|Any CPU
		{2E2E2FF7-D7A1-4AF7-956E-0951B18B7FF5}.Release|x64.ActiveCfg = Release|Any CPU
		{2E2E2FF7-D7A1-4AF7-956E-0951B18B7FF5}.Release|x64.Build.0 = Release|Any CPU
		{2E2E2FF7-D7A1-4AF7-956E-0951B18B7FF5}.Release|x86.ActiveCfg = Release|Any CPU
		{2E2E2FF7-D7A1-4AF7-956E-0951B18B7FF5}.Release|x86.Build.0 = Release|Any CPU
		{75E25C11-47B1-410E-A6CC-E37A74F7D0F9}.Debug|Any CPU.ActiveCfg = Debug|Any CPU
		{75E25C11-47B1-410E-A6CC-E37A74F7D0F9}.Debug|Any CPU.Build.0 = Debug|Any CPU
		{75E25C11-47B1-410E-A6CC-E37A74F7D0F9}.Debug|x64.ActiveCfg = Debug|Any CPU
		{75E25C11-47B1-410E-A6CC-E37A74F7D0F9}.Debug|x64.Build.0 = Debug|Any CPU
		{75E25C11-47B1-410E-A6CC-E37A74F7D0F9}.Debug|x86.ActiveCfg = Debug|Any CPU
		{75E25C11-47B1-410E-A6CC-E37A74F7D0F9}.Debug|x86.Build.0 = Debug|Any CPU
		{75E25C11-47B1-410E-A6CC-E37A74F7D0F9}.Release|Any CPU.ActiveCfg = Release|Any CPU
		{75E25C11-47B1-410E-A6CC-E37A74F7D0F9}.Release|Any CPU.Build.0 = Release|Any CPU
		{75E25C11-47B1-410E-A6CC-E37A74F7D0F9}.Release|x64.ActiveCfg = Release|Any CPU
		{75E25C11-47B1-410E-A6CC-E37A74F7D0F9}.Release|x64.Build.0 = Release|Any CPU
		{75E25C11-47B1-410E-A6CC-E37A74F7D0F9}.Release|x86.ActiveCfg = Release|Any CPU
		{75E25C11-47B1-410E-A6CC-E37A74F7D0F9}.Release|x86.Build.0 = Release|Any CPU
		{C6636D02-C51F-4EDB-8089-94D4C0E51A32}.Debug|Any CPU.ActiveCfg = Debug|Any CPU
		{C6636D02-C51F-4EDB-8089-94D4C0E51A32}.Debug|Any CPU.Build.0 = Debug|Any CPU
		{C6636D02-C51F-4EDB-8089-94D4C0E51A32}.Debug|x64.ActiveCfg = Debug|Any CPU
		{C6636D02-C51F-4EDB-8089-94D4C0E51A32}.Debug|x64.Build.0 = Debug|Any CPU
		{C6636D02-C51F-4EDB-8089-94D4C0E51A32}.Debug|x86.ActiveCfg = Debug|Any CPU
		{C6636D02-C51F-4EDB-8089-94D4C0E51A32}.Debug|x86.Build.0 = Debug|Any CPU
		{C6636D02-C51F-4EDB-8089-94D4C0E51A32}.Release|Any CPU.ActiveCfg = Release|Any CPU
		{C6636D02-C51F-4EDB-8089-94D4C0E51A32}.Release|Any CPU.Build.0 = Release|Any CPU
		{C6636D02-C51F-4EDB-8089-94D4C0E51A32}.Release|x64.ActiveCfg = Release|Any CPU
		{C6636D02-C51F-4EDB-8089-94D4C0E51A32}.Release|x64.Build.0 = Release|Any CPU
		{C6636D02-C51F-4EDB-8089-94D4C0E51A32}.Release|x86.ActiveCfg = Release|Any CPU
		{C6636D02-C51F-4EDB-8089-94D4C0E51A32}.Release|x86.Build.0 = Release|Any CPU
		{825389C5-BF86-419E-8914-FC5A325D4A0B}.Debug|Any CPU.ActiveCfg = Debug|Any CPU
		{825389C5-BF86-419E-8914-FC5A325D4A0B}.Debug|Any CPU.Build.0 = Debug|Any CPU
		{825389C5-BF86-419E-8914-FC5A325D4A0B}.Debug|x64.ActiveCfg = Debug|Any CPU
		{825389C5-BF86-419E-8914-FC5A325D4A0B}.Debug|x64.Build.0 = Debug|Any CPU
		{825389C5-BF86-419E-8914-FC5A325D4A0B}.Debug|x86.ActiveCfg = Debug|Any CPU
		{825389C5-BF86-419E-8914-FC5A325D4A0B}.Debug|x86.Build.0 = Debug|Any CPU
		{825389C5-BF86-419E-8914-FC5A325D4A0B}.Release|Any CPU.ActiveCfg = Release|Any CPU
		{825389C5-BF86-419E-8914-FC5A325D4A0B}.Release|Any CPU.Build.0 = Release|Any CPU
		{825389C5-BF86-419E-8914-FC5A325D4A0B}.Release|x64.ActiveCfg = Release|Any CPU
		{825389C5-BF86-419E-8914-FC5A325D4A0B}.Release|x64.Build.0 = Release|Any CPU
		{825389C5-BF86-419E-8914-FC5A325D4A0B}.Release|x86.ActiveCfg = Release|Any CPU
		{825389C5-BF86-419E-8914-FC5A325D4A0B}.Release|x86.Build.0 = Release|Any CPU
		{BACF7A03-7D22-4C97-83FA-B37561B9EC73}.Debug|Any CPU.ActiveCfg = Debug|Any CPU
		{BACF7A03-7D22-4C97-83FA-B37561B9EC73}.Debug|Any CPU.Build.0 = Debug|Any CPU
		{BACF7A03-7D22-4C97-83FA-B37561B9EC73}.Debug|x64.ActiveCfg = Debug|Any CPU
		{BACF7A03-7D22-4C97-83FA-B37561B9EC73}.Debug|x64.Build.0 = Debug|Any CPU
		{BACF7A03-7D22-4C97-83FA-B37561B9EC73}.Debug|x86.ActiveCfg = Debug|Any CPU
		{BACF7A03-7D22-4C97-83FA-B37561B9EC73}.Debug|x86.Build.0 = Debug|Any CPU
		{BACF7A03-7D22-4C97-83FA-B37561B9EC73}.Release|Any CPU.ActiveCfg = Release|Any CPU
		{BACF7A03-7D22-4C97-83FA-B37561B9EC73}.Release|Any CPU.Build.0 = Release|Any CPU
		{BACF7A03-7D22-4C97-83FA-B37561B9EC73}.Release|x64.ActiveCfg = Release|Any CPU
		{BACF7A03-7D22-4C97-83FA-B37561B9EC73}.Release|x64.Build.0 = Release|Any CPU
		{BACF7A03-7D22-4C97-83FA-B37561B9EC73}.Release|x86.ActiveCfg = Release|Any CPU
		{BACF7A03-7D22-4C97-83FA-B37561B9EC73}.Release|x86.Build.0 = Release|Any CPU
		{1A98893A-B050-462D-A752-3FB222848F92}.Debug|Any CPU.ActiveCfg = Debug|Any CPU
		{1A98893A-B050-462D-A752-3FB222848F92}.Debug|Any CPU.Build.0 = Debug|Any CPU
		{1A98893A-B050-462D-A752-3FB222848F92}.Debug|x64.ActiveCfg = Debug|x64
		{1A98893A-B050-462D-A752-3FB222848F92}.Debug|x64.Build.0 = Debug|x64
		{1A98893A-B050-462D-A752-3FB222848F92}.Debug|x86.ActiveCfg = Debug|Any CPU
		{1A98893A-B050-462D-A752-3FB222848F92}.Debug|x86.Build.0 = Debug|Any CPU
		{1A98893A-B050-462D-A752-3FB222848F92}.Release|Any CPU.ActiveCfg = Release|Any CPU
		{1A98893A-B050-462D-A752-3FB222848F92}.Release|Any CPU.Build.0 = Release|Any CPU
		{1A98893A-B050-462D-A752-3FB222848F92}.Release|x64.ActiveCfg = Release|Any CPU
		{1A98893A-B050-462D-A752-3FB222848F92}.Release|x64.Build.0 = Release|Any CPU
		{1A98893A-B050-462D-A752-3FB222848F92}.Release|x86.ActiveCfg = Release|Any CPU
		{1A98893A-B050-462D-A752-3FB222848F92}.Release|x86.Build.0 = Release|Any CPU
		{35F710B7-9493-40BD-A4D8-55C751A68BF8}.Debug|Any CPU.ActiveCfg = Debug|x64
		{35F710B7-9493-40BD-A4D8-55C751A68BF8}.Debug|x64.ActiveCfg = Debug|x64
		{35F710B7-9493-40BD-A4D8-55C751A68BF8}.Debug|x64.Build.0 = Debug|x64
		{35F710B7-9493-40BD-A4D8-55C751A68BF8}.Debug|x86.ActiveCfg = Debug|x64
		{35F710B7-9493-40BD-A4D8-55C751A68BF8}.Release|Any CPU.ActiveCfg = Release|x64
		{35F710B7-9493-40BD-A4D8-55C751A68BF8}.Release|x64.ActiveCfg = Release|x64
		{35F710B7-9493-40BD-A4D8-55C751A68BF8}.Release|x64.Build.0 = Release|x64
		{35F710B7-9493-40BD-A4D8-55C751A68BF8}.Release|x86.ActiveCfg = Release|x64
		{C8760A70-0073-45F9-AFB7-806881456673}.Debug|Any CPU.ActiveCfg = Debug|Any CPU
		{C8760A70-0073-45F9-AFB7-806881456673}.Debug|Any CPU.Build.0 = Debug|Any CPU
		{C8760A70-0073-45F9-AFB7-806881456673}.Debug|x64.ActiveCfg = Debug|x64
		{C8760A70-0073-45F9-AFB7-806881456673}.Debug|x64.Build.0 = Debug|x64
		{C8760A70-0073-45F9-AFB7-806881456673}.Debug|x86.ActiveCfg = Debug|x86
		{C8760A70-0073-45F9-AFB7-806881456673}.Debug|x86.Build.0 = Debug|x86
		{C8760A70-0073-45F9-AFB7-806881456673}.Release|Any CPU.ActiveCfg = Release|Any CPU
		{C8760A70-0073-45F9-AFB7-806881456673}.Release|Any CPU.Build.0 = Release|Any CPU
		{C8760A70-0073-45F9-AFB7-806881456673}.Release|x64.ActiveCfg = Release|x64
		{C8760A70-0073-45F9-AFB7-806881456673}.Release|x64.Build.0 = Release|x64
		{C8760A70-0073-45F9-AFB7-806881456673}.Release|x86.ActiveCfg = Release|x86
		{C8760A70-0073-45F9-AFB7-806881456673}.Release|x86.Build.0 = Release|x86
		{7AAC58B3-251F-4A84-B891-30EBF7F76701}.Debug|Any CPU.ActiveCfg = Debug|Any CPU
		{7AAC58B3-251F-4A84-B891-30EBF7F76701}.Debug|Any CPU.Build.0 = Debug|Any CPU
		{7AAC58B3-251F-4A84-B891-30EBF7F76701}.Debug|x64.ActiveCfg = Debug|x64
		{7AAC58B3-251F-4A84-B891-30EBF7F76701}.Debug|x64.Build.0 = Debug|x64
		{7AAC58B3-251F-4A84-B891-30EBF7F76701}.Debug|x86.ActiveCfg = Debug|Any CPU
		{7AAC58B3-251F-4A84-B891-30EBF7F76701}.Debug|x86.Build.0 = Debug|Any CPU
		{7AAC58B3-251F-4A84-B891-30EBF7F76701}.Release|Any CPU.ActiveCfg = Release|Any CPU
		{7AAC58B3-251F-4A84-B891-30EBF7F76701}.Release|Any CPU.Build.0 = Release|Any CPU
		{7AAC58B3-251F-4A84-B891-30EBF7F76701}.Release|x64.ActiveCfg = Release|x64
		{7AAC58B3-251F-4A84-B891-30EBF7F76701}.Release|x64.Build.0 = Release|x64
		{7AAC58B3-251F-4A84-B891-30EBF7F76701}.Release|x86.ActiveCfg = Release|Any CPU
		{7AAC58B3-251F-4A84-B891-30EBF7F76701}.Release|x86.Build.0 = Release|Any CPU
		{A31F4A19-F674-4776-B597-E92BA3E5061E}.Debug|Any CPU.ActiveCfg = Debug|Any CPU
		{A31F4A19-F674-4776-B597-E92BA3E5061E}.Debug|Any CPU.Build.0 = Debug|Any CPU
		{A31F4A19-F674-4776-B597-E92BA3E5061E}.Debug|x64.ActiveCfg = Debug|x64
		{A31F4A19-F674-4776-B597-E92BA3E5061E}.Debug|x64.Build.0 = Debug|x64
		{A31F4A19-F674-4776-B597-E92BA3E5061E}.Debug|x86.ActiveCfg = Debug|Any CPU
		{A31F4A19-F674-4776-B597-E92BA3E5061E}.Debug|x86.Build.0 = Debug|Any CPU
		{A31F4A19-F674-4776-B597-E92BA3E5061E}.Release|Any CPU.ActiveCfg = Release|Any CPU
		{A31F4A19-F674-4776-B597-E92BA3E5061E}.Release|Any CPU.Build.0 = Release|Any CPU
		{A31F4A19-F674-4776-B597-E92BA3E5061E}.Release|x64.ActiveCfg = Release|x64
		{A31F4A19-F674-4776-B597-E92BA3E5061E}.Release|x64.Build.0 = Release|x64
		{A31F4A19-F674-4776-B597-E92BA3E5061E}.Release|x86.ActiveCfg = Release|Any CPU
		{A31F4A19-F674-4776-B597-E92BA3E5061E}.Release|x86.Build.0 = Release|Any CPU
		{AD4884AD-631B-42E4-B6BB-F86B16BD6A68}.Debug|Any CPU.ActiveCfg = Debug|Any CPU
		{AD4884AD-631B-42E4-B6BB-F86B16BD6A68}.Debug|Any CPU.Build.0 = Debug|Any CPU
		{AD4884AD-631B-42E4-B6BB-F86B16BD6A68}.Debug|x64.ActiveCfg = Debug|x64
		{AD4884AD-631B-42E4-B6BB-F86B16BD6A68}.Debug|x64.Build.0 = Debug|x64
		{AD4884AD-631B-42E4-B6BB-F86B16BD6A68}.Debug|x86.ActiveCfg = Debug|Any CPU
		{AD4884AD-631B-42E4-B6BB-F86B16BD6A68}.Debug|x86.Build.0 = Debug|Any CPU
		{AD4884AD-631B-42E4-B6BB-F86B16BD6A68}.Release|Any CPU.ActiveCfg = Release|Any CPU
		{AD4884AD-631B-42E4-B6BB-F86B16BD6A68}.Release|Any CPU.Build.0 = Release|Any CPU
		{AD4884AD-631B-42E4-B6BB-F86B16BD6A68}.Release|x64.ActiveCfg = Release|x64
		{AD4884AD-631B-42E4-B6BB-F86B16BD6A68}.Release|x64.Build.0 = Release|x64
		{AD4884AD-631B-42E4-B6BB-F86B16BD6A68}.Release|x86.ActiveCfg = Release|Any CPU
		{AD4884AD-631B-42E4-B6BB-F86B16BD6A68}.Release|x86.Build.0 = Release|Any CPU
		{4879C226-9CFC-4D45-87A1-E2F128E33882}.Debug|Any CPU.ActiveCfg = Debug|Any CPU
		{4879C226-9CFC-4D45-87A1-E2F128E33882}.Debug|Any CPU.Build.0 = Debug|Any CPU
		{4879C226-9CFC-4D45-87A1-E2F128E33882}.Debug|x64.ActiveCfg = Debug|x64
		{4879C226-9CFC-4D45-87A1-E2F128E33882}.Debug|x64.Build.0 = Debug|x64
		{4879C226-9CFC-4D45-87A1-E2F128E33882}.Debug|x86.ActiveCfg = Debug|Any CPU
		{4879C226-9CFC-4D45-87A1-E2F128E33882}.Debug|x86.Build.0 = Debug|Any CPU
		{4879C226-9CFC-4D45-87A1-E2F128E33882}.Release|Any CPU.ActiveCfg = Release|Any CPU
		{4879C226-9CFC-4D45-87A1-E2F128E33882}.Release|Any CPU.Build.0 = Release|Any CPU
		{4879C226-9CFC-4D45-87A1-E2F128E33882}.Release|x64.ActiveCfg = Release|x64
		{4879C226-9CFC-4D45-87A1-E2F128E33882}.Release|x64.Build.0 = Release|x64
		{4879C226-9CFC-4D45-87A1-E2F128E33882}.Release|x86.ActiveCfg = Release|Any CPU
		{4879C226-9CFC-4D45-87A1-E2F128E33882}.Release|x86.Build.0 = Release|Any CPU
		{12565644-3BF5-4BCB-84E5-6BDA7D16293C}.Debug|Any CPU.ActiveCfg = Debug|Any CPU
		{12565644-3BF5-4BCB-84E5-6BDA7D16293C}.Debug|Any CPU.Build.0 = Debug|Any CPU
		{12565644-3BF5-4BCB-84E5-6BDA7D16293C}.Debug|x64.ActiveCfg = Debug|Any CPU
		{12565644-3BF5-4BCB-84E5-6BDA7D16293C}.Debug|x64.Build.0 = Debug|Any CPU
		{12565644-3BF5-4BCB-84E5-6BDA7D16293C}.Debug|x86.ActiveCfg = Debug|Any CPU
		{12565644-3BF5-4BCB-84E5-6BDA7D16293C}.Debug|x86.Build.0 = Debug|Any CPU
		{12565644-3BF5-4BCB-84E5-6BDA7D16293C}.Release|Any CPU.ActiveCfg = Release|Any CPU
		{12565644-3BF5-4BCB-84E5-6BDA7D16293C}.Release|Any CPU.Build.0 = Release|Any CPU
		{12565644-3BF5-4BCB-84E5-6BDA7D16293C}.Release|x64.ActiveCfg = Release|Any CPU
		{12565644-3BF5-4BCB-84E5-6BDA7D16293C}.Release|x64.Build.0 = Release|Any CPU
		{12565644-3BF5-4BCB-84E5-6BDA7D16293C}.Release|x86.ActiveCfg = Release|Any CPU
		{12565644-3BF5-4BCB-84E5-6BDA7D16293C}.Release|x86.Build.0 = Release|Any CPU
		{D8E0BFBA-4ED8-41C2-8068-F490A5319F43}.Debug|Any CPU.ActiveCfg = Debug|Any CPU
		{D8E0BFBA-4ED8-41C2-8068-F490A5319F43}.Debug|Any CPU.Build.0 = Debug|Any CPU
		{D8E0BFBA-4ED8-41C2-8068-F490A5319F43}.Debug|x64.ActiveCfg = Debug|Any CPU
		{D8E0BFBA-4ED8-41C2-8068-F490A5319F43}.Debug|x64.Build.0 = Debug|Any CPU
		{D8E0BFBA-4ED8-41C2-8068-F490A5319F43}.Debug|x86.ActiveCfg = Debug|Any CPU
		{D8E0BFBA-4ED8-41C2-8068-F490A5319F43}.Debug|x86.Build.0 = Debug|Any CPU
		{D8E0BFBA-4ED8-41C2-8068-F490A5319F43}.Release|Any CPU.ActiveCfg = Release|Any CPU
		{D8E0BFBA-4ED8-41C2-8068-F490A5319F43}.Release|Any CPU.Build.0 = Release|Any CPU
		{D8E0BFBA-4ED8-41C2-8068-F490A5319F43}.Release|x64.ActiveCfg = Release|Any CPU
		{D8E0BFBA-4ED8-41C2-8068-F490A5319F43}.Release|x64.Build.0 = Release|Any CPU
		{D8E0BFBA-4ED8-41C2-8068-F490A5319F43}.Release|x86.ActiveCfg = Release|Any CPU
		{D8E0BFBA-4ED8-41C2-8068-F490A5319F43}.Release|x86.Build.0 = Release|Any CPU
		{17007EEC-FE2B-4FF7-BDBE-0A300CBD2B7F}.Debug|Any CPU.ActiveCfg = Debug|Any CPU
		{17007EEC-FE2B-4FF7-BDBE-0A300CBD2B7F}.Debug|Any CPU.Build.0 = Debug|Any CPU
		{17007EEC-FE2B-4FF7-BDBE-0A300CBD2B7F}.Debug|x64.ActiveCfg = Debug|Any CPU
		{17007EEC-FE2B-4FF7-BDBE-0A300CBD2B7F}.Debug|x64.Build.0 = Debug|Any CPU
		{17007EEC-FE2B-4FF7-BDBE-0A300CBD2B7F}.Debug|x86.ActiveCfg = Debug|Any CPU
		{17007EEC-FE2B-4FF7-BDBE-0A300CBD2B7F}.Debug|x86.Build.0 = Debug|Any CPU
		{17007EEC-FE2B-4FF7-BDBE-0A300CBD2B7F}.Release|Any CPU.ActiveCfg = Release|Any CPU
		{17007EEC-FE2B-4FF7-BDBE-0A300CBD2B7F}.Release|Any CPU.Build.0 = Release|Any CPU
		{17007EEC-FE2B-4FF7-BDBE-0A300CBD2B7F}.Release|x64.ActiveCfg = Release|Any CPU
		{17007EEC-FE2B-4FF7-BDBE-0A300CBD2B7F}.Release|x64.Build.0 = Release|Any CPU
		{17007EEC-FE2B-4FF7-BDBE-0A300CBD2B7F}.Release|x86.ActiveCfg = Release|Any CPU
		{17007EEC-FE2B-4FF7-BDBE-0A300CBD2B7F}.Release|x86.Build.0 = Release|Any CPU
		{835B8B5A-C248-4443-99CA-FF11AC77481A}.Debug|Any CPU.ActiveCfg = Debug|Any CPU
		{835B8B5A-C248-4443-99CA-FF11AC77481A}.Debug|Any CPU.Build.0 = Debug|Any CPU
		{835B8B5A-C248-4443-99CA-FF11AC77481A}.Debug|x64.ActiveCfg = Debug|Any CPU
		{835B8B5A-C248-4443-99CA-FF11AC77481A}.Debug|x64.Build.0 = Debug|Any CPU
		{835B8B5A-C248-4443-99CA-FF11AC77481A}.Debug|x86.ActiveCfg = Debug|Any CPU
		{835B8B5A-C248-4443-99CA-FF11AC77481A}.Debug|x86.Build.0 = Debug|Any CPU
		{835B8B5A-C248-4443-99CA-FF11AC77481A}.Release|Any CPU.ActiveCfg = Release|Any CPU
		{835B8B5A-C248-4443-99CA-FF11AC77481A}.Release|Any CPU.Build.0 = Release|Any CPU
		{835B8B5A-C248-4443-99CA-FF11AC77481A}.Release|x64.ActiveCfg = Release|Any CPU
		{835B8B5A-C248-4443-99CA-FF11AC77481A}.Release|x64.Build.0 = Release|Any CPU
		{835B8B5A-C248-4443-99CA-FF11AC77481A}.Release|x86.ActiveCfg = Release|Any CPU
		{835B8B5A-C248-4443-99CA-FF11AC77481A}.Release|x86.Build.0 = Release|Any CPU
	EndGlobalSection
	GlobalSection(SolutionProperties) = preSolution
		HideSolutionNode = FALSE
	EndGlobalSection
	GlobalSection(ExtensibilityGlobals) = postSolution
		SolutionGuid = {DB6111FE-D855-4F40-9488-2DC3AFA25116}
	EndGlobalSection
EndGlobal
